<?xml version="1.0" encoding="utf-8"?>
<Project ToolsVersion="17.0" xmlns="http://schemas.microsoft.com/developer/msbuild/2003">
  <ItemGroup>
    <ClCompile Include="Games\Test\Test.cpp">
      <Filter>Games\Test</Filter>
    </ClCompile>
    <ClCompile Include="Zenith\AssetHandling\Zenith_AssetHandler.cpp">
      <Filter>Zenith\AssetHandling</Filter>
    </ClCompile>
    <ClCompile Include="Zenith\Core\Zenith.cpp">
      <Filter>Zenith\Core</Filter>
    </ClCompile>
    <ClCompile Include="Zenith\Core\Zenith_Core.cpp">
      <Filter>Zenith\Core</Filter>
    </ClCompile>
    <ClCompile Include="Zenith\EntityComponent\Components\Zenith_CameraComponent.cpp">
      <Filter>Zenith\EntityComponent\Components</Filter>
    </ClCompile>
    <ClCompile Include="Zenith\EntityComponent\Components\Zenith_ModelComponent.cpp">
      <Filter>Zenith\EntityComponent\Components</Filter>
    </ClCompile>
    <ClCompile Include="Zenith\EntityComponent\Components\Zenith_ScriptComponent.cpp">
      <Filter>Zenith\EntityComponent\Components</Filter>
    </ClCompile>
    <ClCompile Include="Zenith\EntityComponent\Components\Zenith_TransformComponent.cpp">
      <Filter>Zenith\EntityComponent\Components</Filter>
    </ClCompile>
    <ClCompile Include="Zenith\EntityComponent\Zenith_Entity.cpp">
      <Filter>Zenith\EntityComponent</Filter>
    </ClCompile>
    <ClCompile Include="Zenith\EntityComponent\Zenith_Scene.cpp">
      <Filter>Zenith\EntityComponent</Filter>
    </ClCompile>
    <ClCompile Include="Zenith\FileAccess\Zenith_FileAccess.cpp">
      <Filter>Zenith\FileAccess</Filter>
    </ClCompile>
    <ClCompile Include="Zenith\Flux\Flux.cpp">
      <Filter>Zenith\Flux</Filter>
    </ClCompile>
    <ClCompile Include="Zenith\Flux\Flux_Buffers.cpp">
      <Filter>Zenith\Flux</Filter>
    </ClCompile>
    <ClCompile Include="Zenith\Flux\Flux_Graphics.cpp">
      <Filter>Zenith\Flux</Filter>
    </ClCompile>
    <ClCompile Include="Zenith\Flux\Flux_RenderTargets.cpp">
      <Filter>Zenith\Flux</Filter>
    </ClCompile>
    <ClCompile Include="Zenith\Flux\MeshGeometry\Flux_MeshGeometry.cpp">
      <Filter>Zenith\Flux\MeshGeometry</Filter>
    </ClCompile>
    <ClCompile Include="Zenith\Flux\Skybox\Flux_Skybox.cpp">
      <Filter>Zenith\Flux\Skybox</Filter>
    </ClCompile>
    <ClCompile Include="Zenith\Flux\StaticMeshes\Flux_StaticMeshes.cpp">
      <Filter>Zenith\Flux\StaticMeshes</Filter>
    </ClCompile>
    <ClCompile Include="Zenith\Input\Zenith_Input.cpp">
      <Filter>Zenith\Input</Filter>
    </ClCompile>
    <ClCompile Include="Zenith\Maths\Zenith_Maths.cpp">
      <Filter>Zenith\Maths</Filter>
    </ClCompile>
    <ClCompile Include="Zenith\Vulkan\Zenith_Vulkan.cpp">
      <Filter>Zenith\Vulkan</Filter>
    </ClCompile>
    <ClCompile Include="Zenith\Vulkan\Zenith_Vulkan_Buffer.cpp">
      <Filter>Zenith\Vulkan</Filter>
    </ClCompile>
    <ClCompile Include="Zenith\Vulkan\Zenith_Vulkan_CommandBuffer.cpp">
      <Filter>Zenith\Vulkan</Filter>
    </ClCompile>
    <ClCompile Include="Zenith\Vulkan\Zenith_Vulkan_MemoryManager.cpp">
      <Filter>Zenith\Vulkan</Filter>
    </ClCompile>
    <ClCompile Include="Zenith\Vulkan\Zenith_Vulkan_Pipeline.cpp">
      <Filter>Zenith\Vulkan</Filter>
    </ClCompile>
    <ClCompile Include="Zenith\Vulkan\Zenith_Vulkan_Swapchain.cpp">
      <Filter>Zenith\Vulkan</Filter>
    </ClCompile>
    <ClCompile Include="Zenith\Vulkan\Zenith_Vulkan_Texture.cpp">
      <Filter>Zenith\Vulkan</Filter>
    </ClCompile>
    <ClCompile Include="Zenith\Windows\Zenith_Windows_Window.cpp">
      <Filter>Zenith\Windows</Filter>
    </ClCompile>
    <ClCompile Include="Zenith\Zenith_Main.cpp">
      <Filter>Zenith</Filter>
    </ClCompile>
  </ItemGroup>
  <ItemGroup>
    <ClInclude Include="Middleware\glfw-3.4.bin.WIN64\include\GLFW\glfw3.h">
      <Filter>Middleware\glfw-3.4.bin.WIN64\include\GLFW</Filter>
    </ClInclude>
    <ClInclude Include="Middleware\glfw-3.4.bin.WIN64\include\GLFW\glfw3native.h">
      <Filter>Middleware\glfw-3.4.bin.WIN64\include\GLFW</Filter>
    </ClInclude>
    <ClInclude Include="Zenith\AssetHandling\Zenith_AssetHandler.h">
      <Filter>Zenith\AssetHandling</Filter>
    </ClInclude>
    <ClInclude Include="Zenith\Core\Zenith.h">
      <Filter>Zenith\Core</Filter>
    </ClInclude>
    <ClInclude Include="Zenith\Core\Zenith_Core.h">
      <Filter>Zenith\Core</Filter>
    </ClInclude>
    <ClInclude Include="Zenith\EntityComponent\Components\Zenith_CameraComponent.h">
      <Filter>Zenith\EntityComponent\Components</Filter>
    </ClInclude>
    <ClInclude Include="Zenith\EntityComponent\Components\Zenith_ModelComponent.h">
      <Filter>Zenith\EntityComponent\Components</Filter>
    </ClInclude>
    <ClInclude Include="Zenith\EntityComponent\Components\Zenith_ScriptComponent.h">
      <Filter>Zenith\EntityComponent\Components</Filter>
    </ClInclude>
    <ClInclude Include="Zenith\EntityComponent\Components\Zenith_TransformComponent.h">
      <Filter>Zenith\EntityComponent\Components</Filter>
    </ClInclude>
    <ClInclude Include="Zenith\EntityComponent\Zenith_Entity.h">
      <Filter>Zenith\EntityComponent</Filter>
    </ClInclude>
    <ClInclude Include="Zenith\EntityComponent\Zenith_Scene.h">
      <Filter>Zenith\EntityComponent</Filter>
    </ClInclude>
    <ClInclude Include="Zenith\FileAccess\Zenith_FileAccess.h">
      <Filter>Zenith\FileAccess</Filter>
    </ClInclude>
    <ClInclude Include="Zenith\Flux\Flux.h">
      <Filter>Zenith\Flux</Filter>
    </ClInclude>
    <ClInclude Include="Zenith\Flux\Flux_Buffers.h">
      <Filter>Zenith\Flux</Filter>
    </ClInclude>
    <ClInclude Include="Zenith\Flux\Flux_Enums.h">
      <Filter>Zenith\Flux</Filter>
    </ClInclude>
    <ClInclude Include="Zenith\Flux\Flux_Graphics.h">
      <Filter>Zenith\Flux</Filter>
    </ClInclude>
    <ClInclude Include="Zenith\Flux\Flux_RenderTargets.h">
      <Filter>Zenith\Flux</Filter>
    </ClInclude>
    <ClInclude Include="Zenith\Flux\Flux_Types.h">
      <Filter>Zenith\Flux</Filter>
    </ClInclude>
    <ClInclude Include="Zenith\Flux\MeshGeometry\Flux_MeshGeometry.h">
      <Filter>Zenith\Flux\MeshGeometry</Filter>
    </ClInclude>
    <ClInclude Include="Zenith\Flux\Shaders\Common.h">
      <Filter>Zenith\Flux\Shaders</Filter>
    </ClInclude>
    <ClInclude Include="Zenith\Flux\Skybox\Flux_Skybox.h">
      <Filter>Zenith\Flux\Skybox</Filter>
    </ClInclude>
    <ClInclude Include="Zenith\Flux\StaticMeshes\Flux_StaticMeshes.h">
      <Filter>Zenith\Flux\StaticMeshes</Filter>
    </ClInclude>
    <ClInclude Include="Zenith\Input\Zenith_Input.h">
      <Filter>Zenith\Input</Filter>
    </ClInclude>
    <ClInclude Include="Zenith\Input\Zenith_KeyCodes.h">
      <Filter>Zenith\Input</Filter>
    </ClInclude>
    <ClInclude Include="Zenith\Maths\Zenith_Maths.h">
      <Filter>Zenith\Maths</Filter>
    </ClInclude>
    <ClInclude Include="Zenith\Vulkan\Zenith_PlatformGraphics_Include.h">
      <Filter>Zenith\Vulkan</Filter>
    </ClInclude>
    <ClInclude Include="Zenith\Vulkan\Zenith_Vulkan.h">
      <Filter>Zenith\Vulkan</Filter>
    </ClInclude>
    <ClInclude Include="Zenith\Vulkan\Zenith_Vulkan_Buffer.h">
      <Filter>Zenith\Vulkan</Filter>
    </ClInclude>
    <ClInclude Include="Zenith\Vulkan\Zenith_Vulkan_CommandBuffer.h">
      <Filter>Zenith\Vulkan</Filter>
    </ClInclude>
    <ClInclude Include="Zenith\Vulkan\Zenith_Vulkan_MemoryManager.h">
      <Filter>Zenith\Vulkan</Filter>
    </ClInclude>
    <ClInclude Include="Zenith\Vulkan\Zenith_Vulkan_Pipeline.h">
      <Filter>Zenith\Vulkan</Filter>
    </ClInclude>
    <ClInclude Include="Zenith\Vulkan\Zenith_Vulkan_Swapchain.h">
      <Filter>Zenith\Vulkan</Filter>
    </ClInclude>
    <ClInclude Include="Zenith\Vulkan\Zenith_Vulkan_Texture.h">
      <Filter>Zenith\Vulkan</Filter>
    </ClInclude>
    <ClInclude Include="Zenith\Windows\Zenith_OS_Include.h">
      <Filter>Zenith\Windows</Filter>
    </ClInclude>
    <ClInclude Include="Zenith\Windows\Zenith_Windows_Window.h">
      <Filter>Zenith\Windows</Filter>
    </ClInclude>
  </ItemGroup>
  <ItemGroup>
    <Filter Include="Games">
      <UniqueIdentifier>{14d81b25-9138-8e23-cedc-306508e29017}</UniqueIdentifier>
    </Filter>
    <Filter Include="Games\Test">
      <UniqueIdentifier>{cbfbdc38-e98c-599e-10d3-3282c5531581}</UniqueIdentifier>
    </Filter>
    <Filter Include="Middleware">
      <UniqueIdentifier>{eebf12a1-b020-34d6-90e9-3e7c687338df}</UniqueIdentifier>
    </Filter>
    <Filter Include="Middleware\glfw-3.4.bin.WIN64">
      <UniqueIdentifier>{a102a3f2-a080-4282-d70c-c6ff853f6d18}</UniqueIdentifier>
    </Filter>
    <Filter Include="Middleware\glfw-3.4.bin.WIN64\include">
      <UniqueIdentifier>{1d3023f3-a785-3fef-748a-e24337cf1429}</UniqueIdentifier>
    </Filter>
    <Filter Include="Middleware\glfw-3.4.bin.WIN64\include\GLFW">
      <UniqueIdentifier>{3553b294-91e8-9b92-8b92-0057dc1cc29e}</UniqueIdentifier>
    </Filter>
    <Filter Include="Zenith">
      <UniqueIdentifier>{951448da-1e31-be13-d840-5e0fcc115357}</UniqueIdentifier>
    </Filter>
    <Filter Include="Zenith\AssetHandling">
      <UniqueIdentifier>{808608a9-0d57-dccc-df0f-610c009a1eae}</UniqueIdentifier>
    </Filter>
    <Filter Include="Zenith\Core">
      <UniqueIdentifier>{e84b9d32-4703-7861-1735-99a5845a300c}</UniqueIdentifier>
    </Filter>
    <Filter Include="Zenith\EntityComponent">
      <UniqueIdentifier>{aaa61361-bd1b-2316-4c75-f74b5ca58ae9}</UniqueIdentifier>
    </Filter>
    <Filter Include="Zenith\EntityComponent\Components">
      <UniqueIdentifier>{42b07434-fb70-f5e9-66d0-6e5ae7213760}</UniqueIdentifier>
    </Filter>
    <Filter Include="Zenith\FileAccess">
      <UniqueIdentifier>{cff7abfd-5391-6156-e4ec-0e283e244a6d}</UniqueIdentifier>
    </Filter>
    <Filter Include="Zenith\Flux">
      <UniqueIdentifier>{9d602350-76e0-e794-ea6c-7f4e438d0b6b}</UniqueIdentifier>
    </Filter>
    <Filter Include="Zenith\Flux\MeshGeometry">
      <UniqueIdentifier>{1ea2a6e2-5586-54cd-e29c-f7b7caaa7806}</UniqueIdentifier>
    </Filter>
    <Filter Include="Zenith\Flux\Shaders">
      <UniqueIdentifier>{023039c4-353d-0c39-1bdd-99bb116ea5f5}</UniqueIdentifier>
    </Filter>
    <Filter Include="Zenith\Flux\Skybox">
      <UniqueIdentifier>{61297b21-a027-e692-c57f-8a208efaaa3c}</UniqueIdentifier>
    </Filter>
    <Filter Include="Zenith\Flux\StaticMeshes">
      <UniqueIdentifier>{1e1daf61-e02e-9bec-5720-d6e6cc8e49c4}</UniqueIdentifier>
    </Filter>
    <Filter Include="Zenith\Input">
      <UniqueIdentifier>{1b1e3505-0bf9-c172-d173-56b6842be504}</UniqueIdentifier>
    </Filter>
    <Filter Include="Zenith\Maths">
      <UniqueIdentifier>{d351a479-ba23-1685-9309-697e8e5abcb3}</UniqueIdentifier>
    </Filter>
    <Filter Include="Zenith\Vulkan">
      <UniqueIdentifier>{f7b47854-ceb7-87a4-f1b1-15a24762a34d}</UniqueIdentifier>
    </Filter>
    <Filter Include="Zenith\Windows">
      <UniqueIdentifier>{132806e3-63b4-26df-71df-631f0b76cc02}</UniqueIdentifier>
    </Filter>
  </ItemGroup>
</Project>