<?xml version="1.0" encoding="utf-8"?>
<Project ToolsVersion="17.0" xmlns="http://schemas.microsoft.com/developer/msbuild/2003">
  <ItemGroup>
    <ClCompile Include="Tools\Middleware\assimp\include\stb_vorbis.c">
      <Filter>Middleware\assimp\include</Filter>
    </ClCompile>
    <ClCompile Include="Tools\Middleware\imgui-1.91.0\backends\imgui_impl_glfw.cpp">
      <Filter>Middleware\imgui-1.91.0\backends</Filter>
    </ClCompile>
    <ClCompile Include="Tools\Middleware\imgui-1.91.0\backends\imgui_impl_vulkan.cpp">
      <Filter>Middleware\imgui-1.91.0\backends</Filter>
    </ClCompile>
    <ClCompile Include="Tools\Middleware\imgui-1.91.0\backends\imgui_impl_win32.cpp">
      <Filter>Middleware\imgui-1.91.0\backends</Filter>
    </ClCompile>
    <ClCompile Include="Tools\Middleware\imgui-1.91.0\imgui.cpp">
      <Filter>Middleware\imgui-1.91.0</Filter>
    </ClCompile>
    <ClCompile Include="Tools\Middleware\imgui-1.91.0\imgui_demo.cpp">
      <Filter>Middleware\imgui-1.91.0</Filter>
    </ClCompile>
    <ClCompile Include="Tools\Middleware\imgui-1.91.0\imgui_draw.cpp">
      <Filter>Middleware\imgui-1.91.0</Filter>
    </ClCompile>
    <ClCompile Include="Tools\Middleware\imgui-1.91.0\imgui_tables.cpp">
      <Filter>Middleware\imgui-1.91.0</Filter>
    </ClCompile>
    <ClCompile Include="Tools\Middleware\imgui-1.91.0\imgui_widgets.cpp">
      <Filter>Middleware\imgui-1.91.0</Filter>
    </ClCompile>
    <ClCompile Include="Tools\Zenith_Tools_MeshExport.cpp" />
    <ClCompile Include="Tools\Zenith_Tools_TerrainExport.cpp" />
    <ClCompile Include="Tools\Zenith_Tools_TextureExport.cpp" />
    <ClCompile Include="Zenith\Flux\MeshGeometry\Flux_MeshGeometry.cpp">
      <Filter>Zenith\Flux\MeshGeometry</Filter>
    </ClCompile>
  </ItemGroup>
  <ItemGroup>
    <ClInclude Include="Tools\Middleware\assimp\include\assimp\aabb.h">
      <Filter>Middleware\assimp\include\assimp</Filter>
    </ClInclude>
    <ClInclude Include="Tools\Middleware\assimp\include\assimp\ai_assert.h">
      <Filter>Middleware\assimp\include\assimp</Filter>
    </ClInclude>
    <ClInclude Include="Tools\Middleware\assimp\include\assimp\anim.h">
      <Filter>Middleware\assimp\include\assimp</Filter>
    </ClInclude>
    <ClInclude Include="Tools\Middleware\assimp\include\assimp\AssertHandler.h">
      <Filter>Middleware\assimp\include\assimp</Filter>
    </ClInclude>
    <ClInclude Include="Tools\Middleware\assimp\include\assimp\BaseImporter.h">
      <Filter>Middleware\assimp\include\assimp</Filter>
    </ClInclude>
    <ClInclude Include="Tools\Middleware\assimp\include\assimp\Bitmap.h">
      <Filter>Middleware\assimp\include\assimp</Filter>
    </ClInclude>
    <ClInclude Include="Tools\Middleware\assimp\include\assimp\BlobIOSystem.h">
      <Filter>Middleware\assimp\include\assimp</Filter>
    </ClInclude>
    <ClInclude Include="Tools\Middleware\assimp\include\assimp\ByteSwapper.h">
      <Filter>Middleware\assimp\include\assimp</Filter>
    </ClInclude>
    <ClInclude Include="Tools\Middleware\assimp\include\assimp\camera.h">
      <Filter>Middleware\assimp\include\assimp</Filter>
    </ClInclude>
    <ClInclude Include="Tools\Middleware\assimp\include\assimp\cexport.h">
      <Filter>Middleware\assimp\include\assimp</Filter>
    </ClInclude>
    <ClInclude Include="Tools\Middleware\assimp\include\assimp\cfileio.h">
      <Filter>Middleware\assimp\include\assimp</Filter>
    </ClInclude>
    <ClInclude Include="Tools\Middleware\assimp\include\assimp\cimport.h">
      <Filter>Middleware\assimp\include\assimp</Filter>
    </ClInclude>
    <ClInclude Include="Tools\Middleware\assimp\include\assimp\ColladaMetaData.h">
      <Filter>Middleware\assimp\include\assimp</Filter>
    </ClInclude>
    <ClInclude Include="Tools\Middleware\assimp\include\assimp\color4.h">
      <Filter>Middleware\assimp\include\assimp</Filter>
    </ClInclude>
    <ClInclude Include="Tools\Middleware\assimp\include\assimp\commonMetaData.h">
      <Filter>Middleware\assimp\include\assimp</Filter>
    </ClInclude>
    <ClInclude Include="Tools\Middleware\assimp\include\assimp\Compiler\poppack1.h">
      <Filter>Middleware\assimp\include\assimp\Compiler</Filter>
    </ClInclude>
    <ClInclude Include="Tools\Middleware\assimp\include\assimp\Compiler\pstdint.h">
      <Filter>Middleware\assimp\include\assimp\Compiler</Filter>
    </ClInclude>
    <ClInclude Include="Tools\Middleware\assimp\include\assimp\Compiler\pushpack1.h">
      <Filter>Middleware\assimp\include\assimp\Compiler</Filter>
    </ClInclude>
    <ClInclude Include="Tools\Middleware\assimp\include\assimp\config.h">
      <Filter>Middleware\assimp\include\assimp</Filter>
    </ClInclude>
    <ClInclude Include="Tools\Middleware\assimp\include\assimp\CreateAnimMesh.h">
      <Filter>Middleware\assimp\include\assimp</Filter>
    </ClInclude>
    <ClInclude Include="Tools\Middleware\assimp\include\assimp\DefaultIOStream.h">
      <Filter>Middleware\assimp\include\assimp</Filter>
    </ClInclude>
    <ClInclude Include="Tools\Middleware\assimp\include\assimp\DefaultIOSystem.h">
      <Filter>Middleware\assimp\include\assimp</Filter>
    </ClInclude>
    <ClInclude Include="Tools\Middleware\assimp\include\assimp\defs.h">
      <Filter>Middleware\assimp\include\assimp</Filter>
    </ClInclude>
    <ClInclude Include="Tools\Middleware\assimp\include\assimp\Exceptional.h">
      <Filter>Middleware\assimp\include\assimp</Filter>
    </ClInclude>
    <ClInclude Include="Tools\Middleware\assimp\include\assimp\fast_atof.h">
      <Filter>Middleware\assimp\include\assimp</Filter>
    </ClInclude>
    <ClInclude Include="Tools\Middleware\assimp\include\assimp\GenericProperty.h">
      <Filter>Middleware\assimp\include\assimp</Filter>
    </ClInclude>
    <ClInclude Include="Tools\Middleware\assimp\include\assimp\GltfMaterial.h">
      <Filter>Middleware\assimp\include\assimp</Filter>
    </ClInclude>
    <ClInclude Include="Tools\Middleware\assimp\include\assimp\Hash.h">
      <Filter>Middleware\assimp\include\assimp</Filter>
    </ClInclude>
    <ClInclude Include="Tools\Middleware\assimp\include\assimp\importerdesc.h">
      <Filter>Middleware\assimp\include\assimp</Filter>
    </ClInclude>
    <ClInclude Include="Tools\Middleware\assimp\include\assimp\IOStreamBuffer.h">
      <Filter>Middleware\assimp\include\assimp</Filter>
    </ClInclude>
    <ClInclude Include="Tools\Middleware\assimp\include\assimp\light.h">
      <Filter>Middleware\assimp\include\assimp</Filter>
    </ClInclude>
    <ClInclude Include="Tools\Middleware\assimp\include\assimp\LineSplitter.h">
      <Filter>Middleware\assimp\include\assimp</Filter>
    </ClInclude>
    <ClInclude Include="Tools\Middleware\assimp\include\assimp\LogAux.h">
      <Filter>Middleware\assimp\include\assimp</Filter>
    </ClInclude>
    <ClInclude Include="Tools\Middleware\assimp\include\assimp\material.h">
      <Filter>Middleware\assimp\include\assimp</Filter>
    </ClInclude>
    <ClInclude Include="Tools\Middleware\assimp\include\assimp\MathFunctions.h">
      <Filter>Middleware\assimp\include\assimp</Filter>
    </ClInclude>
    <ClInclude Include="Tools\Middleware\assimp\include\assimp\matrix3x3.h">
      <Filter>Middleware\assimp\include\assimp</Filter>
    </ClInclude>
    <ClInclude Include="Tools\Middleware\assimp\include\assimp\matrix4x4.h">
      <Filter>Middleware\assimp\include\assimp</Filter>
    </ClInclude>
    <ClInclude Include="Tools\Middleware\assimp\include\assimp\MemoryIOWrapper.h">
      <Filter>Middleware\assimp\include\assimp</Filter>
    </ClInclude>
    <ClInclude Include="Tools\Middleware\assimp\include\assimp\mesh.h">
      <Filter>Middleware\assimp\include\assimp</Filter>
    </ClInclude>
    <ClInclude Include="Tools\Middleware\assimp\include\assimp\metadata.h">
      <Filter>Middleware\assimp\include\assimp</Filter>
    </ClInclude>
    <ClInclude Include="Tools\Middleware\assimp\include\assimp\ObjMaterial.h">
      <Filter>Middleware\assimp\include\assimp</Filter>
    </ClInclude>
    <ClInclude Include="Tools\Middleware\assimp\include\assimp\ParsingUtils.h">
      <Filter>Middleware\assimp\include\assimp</Filter>
    </ClInclude>
    <ClInclude Include="Tools\Middleware\assimp\include\assimp\pbrmaterial.h">
      <Filter>Middleware\assimp\include\assimp</Filter>
    </ClInclude>
    <ClInclude Include="Tools\Middleware\assimp\include\assimp\postprocess.h">
      <Filter>Middleware\assimp\include\assimp</Filter>
    </ClInclude>
    <ClInclude Include="Tools\Middleware\assimp\include\assimp\Profiler.h">
      <Filter>Middleware\assimp\include\assimp</Filter>
    </ClInclude>
    <ClInclude Include="Tools\Middleware\assimp\include\assimp\qnan.h">
      <Filter>Middleware\assimp\include\assimp</Filter>
    </ClInclude>
    <ClInclude Include="Tools\Middleware\assimp\include\assimp\quaternion.h">
      <Filter>Middleware\assimp\include\assimp</Filter>
    </ClInclude>
    <ClInclude Include="Tools\Middleware\assimp\include\assimp\RemoveComments.h">
      <Filter>Middleware\assimp\include\assimp</Filter>
    </ClInclude>
    <ClInclude Include="Tools\Middleware\assimp\include\assimp\scene.h">
      <Filter>Middleware\assimp\include\assimp</Filter>
    </ClInclude>
    <ClInclude Include="Tools\Middleware\assimp\include\assimp\SceneCombiner.h">
      <Filter>Middleware\assimp\include\assimp</Filter>
    </ClInclude>
    <ClInclude Include="Tools\Middleware\assimp\include\assimp\SGSpatialSort.h">
      <Filter>Middleware\assimp\include\assimp</Filter>
    </ClInclude>
    <ClInclude Include="Tools\Middleware\assimp\include\assimp\SkeletonMeshBuilder.h">
      <Filter>Middleware\assimp\include\assimp</Filter>
    </ClInclude>
    <ClInclude Include="Tools\Middleware\assimp\include\assimp\SmallVector.h">
      <Filter>Middleware\assimp\include\assimp</Filter>
    </ClInclude>
    <ClInclude Include="Tools\Middleware\assimp\include\assimp\SmoothingGroups.h">
      <Filter>Middleware\assimp\include\assimp</Filter>
    </ClInclude>
    <ClInclude Include="Tools\Middleware\assimp\include\assimp\SpatialSort.h">
      <Filter>Middleware\assimp\include\assimp</Filter>
    </ClInclude>
    <ClInclude Include="Tools\Middleware\assimp\include\assimp\StandardShapes.h">
      <Filter>Middleware\assimp\include\assimp</Filter>
    </ClInclude>
    <ClInclude Include="Tools\Middleware\assimp\include\assimp\StreamReader.h">
      <Filter>Middleware\assimp\include\assimp</Filter>
    </ClInclude>
    <ClInclude Include="Tools\Middleware\assimp\include\assimp\StreamWriter.h">
      <Filter>Middleware\assimp\include\assimp</Filter>
    </ClInclude>
    <ClInclude Include="Tools\Middleware\assimp\include\assimp\StringComparison.h">
      <Filter>Middleware\assimp\include\assimp</Filter>
    </ClInclude>
    <ClInclude Include="Tools\Middleware\assimp\include\assimp\StringUtils.h">
      <Filter>Middleware\assimp\include\assimp</Filter>
    </ClInclude>
    <ClInclude Include="Tools\Middleware\assimp\include\assimp\Subdivision.h">
      <Filter>Middleware\assimp\include\assimp</Filter>
    </ClInclude>
    <ClInclude Include="Tools\Middleware\assimp\include\assimp\texture.h">
      <Filter>Middleware\assimp\include\assimp</Filter>
    </ClInclude>
    <ClInclude Include="Tools\Middleware\assimp\include\assimp\TinyFormatter.h">
      <Filter>Middleware\assimp\include\assimp</Filter>
    </ClInclude>
    <ClInclude Include="Tools\Middleware\assimp\include\assimp\types.h">
      <Filter>Middleware\assimp\include\assimp</Filter>
    </ClInclude>
    <ClInclude Include="Tools\Middleware\assimp\include\assimp\vector2.h">
      <Filter>Middleware\assimp\include\assimp</Filter>
    </ClInclude>
    <ClInclude Include="Tools\Middleware\assimp\include\assimp\vector3.h">
      <Filter>Middleware\assimp\include\assimp</Filter>
    </ClInclude>
    <ClInclude Include="Tools\Middleware\assimp\include\assimp\version.h">
      <Filter>Middleware\assimp\include\assimp</Filter>
    </ClInclude>
    <ClInclude Include="Tools\Middleware\assimp\include\assimp\Vertex.h">
      <Filter>Middleware\assimp\include\assimp</Filter>
    </ClInclude>
    <ClInclude Include="Tools\Middleware\assimp\include\assimp\XmlParser.h">
      <Filter>Middleware\assimp\include\assimp</Filter>
    </ClInclude>
    <ClInclude Include="Tools\Middleware\assimp\include\assimp\XMLTools.h">
      <Filter>Middleware\assimp\include\assimp</Filter>
    </ClInclude>
    <ClInclude Include="Tools\Middleware\assimp\include\assimp\ZipArchiveIOSystem.h">
      <Filter>Middleware\assimp\include\assimp</Filter>
    </ClInclude>
    <ClInclude Include="Tools\Middleware\assimp\include\draco\animation\keyframe_animation.h">
      <Filter>Middleware\assimp\include\draco\animation</Filter>
    </ClInclude>
    <ClInclude Include="Tools\Middleware\assimp\include\draco\animation\keyframe_animation_decoder.h">
      <Filter>Middleware\assimp\include\draco\animation</Filter>
    </ClInclude>
    <ClInclude Include="Tools\Middleware\assimp\include\draco\animation\keyframe_animation_encoder.h">
      <Filter>Middleware\assimp\include\draco\animation</Filter>
    </ClInclude>
    <ClInclude Include="Tools\Middleware\assimp\include\draco\attributes\attribute_octahedron_transform.h">
      <Filter>Middleware\assimp\include\draco\attributes</Filter>
    </ClInclude>
    <ClInclude Include="Tools\Middleware\assimp\include\draco\attributes\attribute_quantization_transform.h">
      <Filter>Middleware\assimp\include\draco\attributes</Filter>
    </ClInclude>
    <ClInclude Include="Tools\Middleware\assimp\include\draco\attributes\attribute_transform.h">
      <Filter>Middleware\assimp\include\draco\attributes</Filter>
    </ClInclude>
    <ClInclude Include="Tools\Middleware\assimp\include\draco\attributes\attribute_transform_data.h">
      <Filter>Middleware\assimp\include\draco\attributes</Filter>
    </ClInclude>
    <ClInclude Include="Tools\Middleware\assimp\include\draco\attributes\attribute_transform_type.h">
      <Filter>Middleware\assimp\include\draco\attributes</Filter>
    </ClInclude>
    <ClInclude Include="Tools\Middleware\assimp\include\draco\attributes\geometry_attribute.h">
      <Filter>Middleware\assimp\include\draco\attributes</Filter>
    </ClInclude>
    <ClInclude Include="Tools\Middleware\assimp\include\draco\attributes\geometry_indices.h">
      <Filter>Middleware\assimp\include\draco\attributes</Filter>
    </ClInclude>
    <ClInclude Include="Tools\Middleware\assimp\include\draco\attributes\point_attribute.h">
      <Filter>Middleware\assimp\include\draco\attributes</Filter>
    </ClInclude>
    <ClInclude Include="Tools\Middleware\assimp\include\draco\compression\attributes\attributes_decoder.h">
      <Filter>Middleware\assimp\include\draco\compression\attributes</Filter>
    </ClInclude>
    <ClInclude Include="Tools\Middleware\assimp\include\draco\compression\attributes\attributes_decoder_interface.h">
      <Filter>Middleware\assimp\include\draco\compression\attributes</Filter>
    </ClInclude>
    <ClInclude Include="Tools\Middleware\assimp\include\draco\compression\attributes\attributes_encoder.h">
      <Filter>Middleware\assimp\include\draco\compression\attributes</Filter>
    </ClInclude>
    <ClInclude Include="Tools\Middleware\assimp\include\draco\compression\attributes\kd_tree_attributes_decoder.h">
      <Filter>Middleware\assimp\include\draco\compression\attributes</Filter>
    </ClInclude>
    <ClInclude Include="Tools\Middleware\assimp\include\draco\compression\attributes\kd_tree_attributes_encoder.h">
      <Filter>Middleware\assimp\include\draco\compression\attributes</Filter>
    </ClInclude>
    <ClInclude Include="Tools\Middleware\assimp\include\draco\compression\attributes\kd_tree_attributes_shared.h">
      <Filter>Middleware\assimp\include\draco\compression\attributes</Filter>
    </ClInclude>
    <ClInclude Include="Tools\Middleware\assimp\include\draco\compression\attributes\linear_sequencer.h">
      <Filter>Middleware\assimp\include\draco\compression\attributes</Filter>
    </ClInclude>
    <ClInclude Include="Tools\Middleware\assimp\include\draco\compression\attributes\mesh_attribute_indices_encoding_data.h">
      <Filter>Middleware\assimp\include\draco\compression\attributes</Filter>
    </ClInclude>
    <ClInclude Include="Tools\Middleware\assimp\include\draco\compression\attributes\normal_compression_utils.h">
      <Filter>Middleware\assimp\include\draco\compression\attributes</Filter>
    </ClInclude>
    <ClInclude Include="Tools\Middleware\assimp\include\draco\compression\attributes\points_sequencer.h">
      <Filter>Middleware\assimp\include\draco\compression\attributes</Filter>
    </ClInclude>
    <ClInclude Include="Tools\Middleware\assimp\include\draco\compression\attributes\point_d_vector.h">
      <Filter>Middleware\assimp\include\draco\compression\attributes</Filter>
    </ClInclude>
    <ClInclude Include="Tools\Middleware\assimp\include\draco\compression\attributes\prediction_schemes\mesh_prediction_scheme_constrained_multi_parallelogram_decoder.h">
      <Filter>Middleware\assimp\include\draco\compression\attributes\prediction_schemes</Filter>
    </ClInclude>
    <ClInclude Include="Tools\Middleware\assimp\include\draco\compression\attributes\prediction_schemes\mesh_prediction_scheme_constrained_multi_parallelogram_encoder.h">
      <Filter>Middleware\assimp\include\draco\compression\attributes\prediction_schemes</Filter>
    </ClInclude>
    <ClInclude Include="Tools\Middleware\assimp\include\draco\compression\attributes\prediction_schemes\mesh_prediction_scheme_constrained_multi_parallelogram_shared.h">
      <Filter>Middleware\assimp\include\draco\compression\attributes\prediction_schemes</Filter>
    </ClInclude>
    <ClInclude Include="Tools\Middleware\assimp\include\draco\compression\attributes\prediction_schemes\mesh_prediction_scheme_data.h">
      <Filter>Middleware\assimp\include\draco\compression\attributes\prediction_schemes</Filter>
    </ClInclude>
    <ClInclude Include="Tools\Middleware\assimp\include\draco\compression\attributes\prediction_schemes\mesh_prediction_scheme_decoder.h">
      <Filter>Middleware\assimp\include\draco\compression\attributes\prediction_schemes</Filter>
    </ClInclude>
    <ClInclude Include="Tools\Middleware\assimp\include\draco\compression\attributes\prediction_schemes\mesh_prediction_scheme_encoder.h">
      <Filter>Middleware\assimp\include\draco\compression\attributes\prediction_schemes</Filter>
    </ClInclude>
    <ClInclude Include="Tools\Middleware\assimp\include\draco\compression\attributes\prediction_schemes\mesh_prediction_scheme_geometric_normal_decoder.h">
      <Filter>Middleware\assimp\include\draco\compression\attributes\prediction_schemes</Filter>
    </ClInclude>
    <ClInclude Include="Tools\Middleware\assimp\include\draco\compression\attributes\prediction_schemes\mesh_prediction_scheme_geometric_normal_encoder.h">
      <Filter>Middleware\assimp\include\draco\compression\attributes\prediction_schemes</Filter>
    </ClInclude>
    <ClInclude Include="Tools\Middleware\assimp\include\draco\compression\attributes\prediction_schemes\mesh_prediction_scheme_geometric_normal_predictor_area.h">
      <Filter>Middleware\assimp\include\draco\compression\attributes\prediction_schemes</Filter>
    </ClInclude>
    <ClInclude Include="Tools\Middleware\assimp\include\draco\compression\attributes\prediction_schemes\mesh_prediction_scheme_geometric_normal_predictor_base.h">
      <Filter>Middleware\assimp\include\draco\compression\attributes\prediction_schemes</Filter>
    </ClInclude>
    <ClInclude Include="Tools\Middleware\assimp\include\draco\compression\attributes\prediction_schemes\mesh_prediction_scheme_multi_parallelogram_decoder.h">
      <Filter>Middleware\assimp\include\draco\compression\attributes\prediction_schemes</Filter>
    </ClInclude>
    <ClInclude Include="Tools\Middleware\assimp\include\draco\compression\attributes\prediction_schemes\mesh_prediction_scheme_multi_parallelogram_encoder.h">
      <Filter>Middleware\assimp\include\draco\compression\attributes\prediction_schemes</Filter>
    </ClInclude>
    <ClInclude Include="Tools\Middleware\assimp\include\draco\compression\attributes\prediction_schemes\mesh_prediction_scheme_parallelogram_encoder.h">
      <Filter>Middleware\assimp\include\draco\compression\attributes\prediction_schemes</Filter>
    </ClInclude>
    <ClInclude Include="Tools\Middleware\assimp\include\draco\compression\attributes\prediction_schemes\mesh_prediction_scheme_parallelogram_shared.h">
      <Filter>Middleware\assimp\include\draco\compression\attributes\prediction_schemes</Filter>
    </ClInclude>
    <ClInclude Include="Tools\Middleware\assimp\include\draco\compression\attributes\prediction_schemes\mesh_prediction_scheme_tex_coords_decoder.h">
      <Filter>Middleware\assimp\include\draco\compression\attributes\prediction_schemes</Filter>
    </ClInclude>
    <ClInclude Include="Tools\Middleware\assimp\include\draco\compression\attributes\prediction_schemes\mesh_prediction_scheme_tex_coords_encoder.h">
      <Filter>Middleware\assimp\include\draco\compression\attributes\prediction_schemes</Filter>
    </ClInclude>
    <ClInclude Include="Tools\Middleware\assimp\include\draco\compression\attributes\prediction_schemes\mesh_prediction_scheme_tex_coords_portable_decoder.h">
      <Filter>Middleware\assimp\include\draco\compression\attributes\prediction_schemes</Filter>
    </ClInclude>
    <ClInclude Include="Tools\Middleware\assimp\include\draco\compression\attributes\prediction_schemes\mesh_prediction_scheme_tex_coords_portable_encoder.h">
      <Filter>Middleware\assimp\include\draco\compression\attributes\prediction_schemes</Filter>
    </ClInclude>
    <ClInclude Include="Tools\Middleware\assimp\include\draco\compression\attributes\prediction_schemes\mesh_prediction_scheme_tex_coords_portable_predictor.h">
      <Filter>Middleware\assimp\include\draco\compression\attributes\prediction_schemes</Filter>
    </ClInclude>
    <ClInclude Include="Tools\Middleware\assimp\include\draco\compression\attributes\prediction_schemes\prediction_scheme_decoder.h">
      <Filter>Middleware\assimp\include\draco\compression\attributes\prediction_schemes</Filter>
    </ClInclude>
    <ClInclude Include="Tools\Middleware\assimp\include\draco\compression\attributes\prediction_schemes\prediction_scheme_decoder_factory.h">
      <Filter>Middleware\assimp\include\draco\compression\attributes\prediction_schemes</Filter>
    </ClInclude>
    <ClInclude Include="Tools\Middleware\assimp\include\draco\compression\attributes\prediction_schemes\prediction_scheme_decoder_interface.h">
      <Filter>Middleware\assimp\include\draco\compression\attributes\prediction_schemes</Filter>
    </ClInclude>
    <ClInclude Include="Tools\Middleware\assimp\include\draco\compression\attributes\prediction_schemes\prediction_scheme_decoding_transform.h">
      <Filter>Middleware\assimp\include\draco\compression\attributes\prediction_schemes</Filter>
    </ClInclude>
    <ClInclude Include="Tools\Middleware\assimp\include\draco\compression\attributes\prediction_schemes\prediction_scheme_delta_decoder.h">
      <Filter>Middleware\assimp\include\draco\compression\attributes\prediction_schemes</Filter>
    </ClInclude>
    <ClInclude Include="Tools\Middleware\assimp\include\draco\compression\attributes\prediction_schemes\prediction_scheme_delta_encoder.h">
      <Filter>Middleware\assimp\include\draco\compression\attributes\prediction_schemes</Filter>
    </ClInclude>
    <ClInclude Include="Tools\Middleware\assimp\include\draco\compression\attributes\prediction_schemes\prediction_scheme_encoder.h">
      <Filter>Middleware\assimp\include\draco\compression\attributes\prediction_schemes</Filter>
    </ClInclude>
    <ClInclude Include="Tools\Middleware\assimp\include\draco\compression\attributes\prediction_schemes\prediction_scheme_encoder_factory.h">
      <Filter>Middleware\assimp\include\draco\compression\attributes\prediction_schemes</Filter>
    </ClInclude>
    <ClInclude Include="Tools\Middleware\assimp\include\draco\compression\attributes\prediction_schemes\prediction_scheme_encoder_interface.h">
      <Filter>Middleware\assimp\include\draco\compression\attributes\prediction_schemes</Filter>
    </ClInclude>
    <ClInclude Include="Tools\Middleware\assimp\include\draco\compression\attributes\prediction_schemes\prediction_scheme_encoding_transform.h">
      <Filter>Middleware\assimp\include\draco\compression\attributes\prediction_schemes</Filter>
    </ClInclude>
    <ClInclude Include="Tools\Middleware\assimp\include\draco\compression\attributes\prediction_schemes\prediction_scheme_factory.h">
      <Filter>Middleware\assimp\include\draco\compression\attributes\prediction_schemes</Filter>
    </ClInclude>
    <ClInclude Include="Tools\Middleware\assimp\include\draco\compression\attributes\prediction_schemes\prediction_scheme_interface.h">
      <Filter>Middleware\assimp\include\draco\compression\attributes\prediction_schemes</Filter>
    </ClInclude>
    <ClInclude Include="Tools\Middleware\assimp\include\draco\compression\attributes\prediction_schemes\prediction_scheme_normal_octahedron_canonicalized_decoding_transform.h">
      <Filter>Middleware\assimp\include\draco\compression\attributes\prediction_schemes</Filter>
    </ClInclude>
    <ClInclude Include="Tools\Middleware\assimp\include\draco\compression\attributes\prediction_schemes\prediction_scheme_normal_octahedron_canonicalized_encoding_transform.h">
      <Filter>Middleware\assimp\include\draco\compression\attributes\prediction_schemes</Filter>
    </ClInclude>
    <ClInclude Include="Tools\Middleware\assimp\include\draco\compression\attributes\prediction_schemes\prediction_scheme_normal_octahedron_canonicalized_transform_base.h">
      <Filter>Middleware\assimp\include\draco\compression\attributes\prediction_schemes</Filter>
    </ClInclude>
    <ClInclude Include="Tools\Middleware\assimp\include\draco\compression\attributes\prediction_schemes\prediction_scheme_normal_octahedron_decoding_transform.h">
      <Filter>Middleware\assimp\include\draco\compression\attributes\prediction_schemes</Filter>
    </ClInclude>
    <ClInclude Include="Tools\Middleware\assimp\include\draco\compression\attributes\prediction_schemes\prediction_scheme_normal_octahedron_encoding_transform.h">
      <Filter>Middleware\assimp\include\draco\compression\attributes\prediction_schemes</Filter>
    </ClInclude>
    <ClInclude Include="Tools\Middleware\assimp\include\draco\compression\attributes\prediction_schemes\prediction_scheme_normal_octahedron_transform_base.h">
      <Filter>Middleware\assimp\include\draco\compression\attributes\prediction_schemes</Filter>
    </ClInclude>
    <ClInclude Include="Tools\Middleware\assimp\include\draco\compression\attributes\prediction_schemes\prediction_scheme_wrap_decoding_transform.h">
      <Filter>Middleware\assimp\include\draco\compression\attributes\prediction_schemes</Filter>
    </ClInclude>
    <ClInclude Include="Tools\Middleware\assimp\include\draco\compression\attributes\prediction_schemes\prediction_scheme_wrap_encoding_transform.h">
      <Filter>Middleware\assimp\include\draco\compression\attributes\prediction_schemes</Filter>
    </ClInclude>
    <ClInclude Include="Tools\Middleware\assimp\include\draco\compression\attributes\prediction_schemes\prediction_scheme_wrap_transform_base.h">
      <Filter>Middleware\assimp\include\draco\compression\attributes\prediction_schemes</Filter>
    </ClInclude>
    <ClInclude Include="Tools\Middleware\assimp\include\draco\compression\attributes\sequential_attribute_decoder.h">
      <Filter>Middleware\assimp\include\draco\compression\attributes</Filter>
    </ClInclude>
    <ClInclude Include="Tools\Middleware\assimp\include\draco\compression\attributes\sequential_attribute_decoders_controller.h">
      <Filter>Middleware\assimp\include\draco\compression\attributes</Filter>
    </ClInclude>
    <ClInclude Include="Tools\Middleware\assimp\include\draco\compression\attributes\sequential_attribute_encoder.h">
      <Filter>Middleware\assimp\include\draco\compression\attributes</Filter>
    </ClInclude>
    <ClInclude Include="Tools\Middleware\assimp\include\draco\compression\attributes\sequential_attribute_encoders_controller.h">
      <Filter>Middleware\assimp\include\draco\compression\attributes</Filter>
    </ClInclude>
    <ClInclude Include="Tools\Middleware\assimp\include\draco\compression\attributes\sequential_integer_attribute_decoder.h">
      <Filter>Middleware\assimp\include\draco\compression\attributes</Filter>
    </ClInclude>
    <ClInclude Include="Tools\Middleware\assimp\include\draco\compression\attributes\sequential_integer_attribute_encoder.h">
      <Filter>Middleware\assimp\include\draco\compression\attributes</Filter>
    </ClInclude>
    <ClInclude Include="Tools\Middleware\assimp\include\draco\compression\attributes\sequential_normal_attribute_decoder.h">
      <Filter>Middleware\assimp\include\draco\compression\attributes</Filter>
    </ClInclude>
    <ClInclude Include="Tools\Middleware\assimp\include\draco\compression\attributes\sequential_normal_attribute_encoder.h">
      <Filter>Middleware\assimp\include\draco\compression\attributes</Filter>
    </ClInclude>
    <ClInclude Include="Tools\Middleware\assimp\include\draco\compression\attributes\sequential_quantization_attribute_decoder.h">
      <Filter>Middleware\assimp\include\draco\compression\attributes</Filter>
    </ClInclude>
    <ClInclude Include="Tools\Middleware\assimp\include\draco\compression\attributes\sequential_quantization_attribute_encoder.h">
      <Filter>Middleware\assimp\include\draco\compression\attributes</Filter>
    </ClInclude>
    <ClInclude Include="Tools\Middleware\assimp\include\draco\compression\bit_coders\adaptive_rans_bit_coding_shared.h">
      <Filter>Middleware\assimp\include\draco\compression\bit_coders</Filter>
    </ClInclude>
    <ClInclude Include="Tools\Middleware\assimp\include\draco\compression\bit_coders\adaptive_rans_bit_decoder.h">
      <Filter>Middleware\assimp\include\draco\compression\bit_coders</Filter>
    </ClInclude>
    <ClInclude Include="Tools\Middleware\assimp\include\draco\compression\bit_coders\adaptive_rans_bit_encoder.h">
      <Filter>Middleware\assimp\include\draco\compression\bit_coders</Filter>
    </ClInclude>
    <ClInclude Include="Tools\Middleware\assimp\include\draco\compression\bit_coders\direct_bit_decoder.h">
      <Filter>Middleware\assimp\include\draco\compression\bit_coders</Filter>
    </ClInclude>
    <ClInclude Include="Tools\Middleware\assimp\include\draco\compression\bit_coders\direct_bit_encoder.h">
      <Filter>Middleware\assimp\include\draco\compression\bit_coders</Filter>
    </ClInclude>
    <ClInclude Include="Tools\Middleware\assimp\include\draco\compression\bit_coders\folded_integer_bit_decoder.h">
      <Filter>Middleware\assimp\include\draco\compression\bit_coders</Filter>
    </ClInclude>
    <ClInclude Include="Tools\Middleware\assimp\include\draco\compression\bit_coders\folded_integer_bit_encoder.h">
      <Filter>Middleware\assimp\include\draco\compression\bit_coders</Filter>
    </ClInclude>
    <ClInclude Include="Tools\Middleware\assimp\include\draco\compression\bit_coders\rans_bit_decoder.h">
      <Filter>Middleware\assimp\include\draco\compression\bit_coders</Filter>
    </ClInclude>
    <ClInclude Include="Tools\Middleware\assimp\include\draco\compression\bit_coders\rans_bit_encoder.h">
      <Filter>Middleware\assimp\include\draco\compression\bit_coders</Filter>
    </ClInclude>
    <ClInclude Include="Tools\Middleware\assimp\include\draco\compression\bit_coders\symbol_bit_decoder.h">
      <Filter>Middleware\assimp\include\draco\compression\bit_coders</Filter>
    </ClInclude>
    <ClInclude Include="Tools\Middleware\assimp\include\draco\compression\bit_coders\symbol_bit_encoder.h">
      <Filter>Middleware\assimp\include\draco\compression\bit_coders</Filter>
    </ClInclude>
    <ClInclude Include="Tools\Middleware\assimp\include\draco\compression\config\compression_shared.h">
      <Filter>Middleware\assimp\include\draco\compression\config</Filter>
    </ClInclude>
    <ClInclude Include="Tools\Middleware\assimp\include\draco\compression\config\decoder_options.h">
      <Filter>Middleware\assimp\include\draco\compression\config</Filter>
    </ClInclude>
    <ClInclude Include="Tools\Middleware\assimp\include\draco\compression\config\draco_options.h">
      <Filter>Middleware\assimp\include\draco\compression\config</Filter>
    </ClInclude>
    <ClInclude Include="Tools\Middleware\assimp\include\draco\compression\config\encoder_options.h">
      <Filter>Middleware\assimp\include\draco\compression\config</Filter>
    </ClInclude>
    <ClInclude Include="Tools\Middleware\assimp\include\draco\compression\config\encoding_features.h">
      <Filter>Middleware\assimp\include\draco\compression\config</Filter>
    </ClInclude>
    <ClInclude Include="Tools\Middleware\assimp\include\draco\compression\decode.h">
      <Filter>Middleware\assimp\include\draco\compression</Filter>
    </ClInclude>
    <ClInclude Include="Tools\Middleware\assimp\include\draco\compression\draco_compression_options.h">
      <Filter>Middleware\assimp\include\draco\compression</Filter>
    </ClInclude>
    <ClInclude Include="Tools\Middleware\assimp\include\draco\compression\encode.h">
      <Filter>Middleware\assimp\include\draco\compression</Filter>
    </ClInclude>
    <ClInclude Include="Tools\Middleware\assimp\include\draco\compression\encode_base.h">
      <Filter>Middleware\assimp\include\draco\compression</Filter>
    </ClInclude>
    <ClInclude Include="Tools\Middleware\assimp\include\draco\compression\entropy\ans.h">
      <Filter>Middleware\assimp\include\draco\compression\entropy</Filter>
    </ClInclude>
    <ClInclude Include="Tools\Middleware\assimp\include\draco\compression\entropy\rans_symbol_coding.h">
      <Filter>Middleware\assimp\include\draco\compression\entropy</Filter>
    </ClInclude>
    <ClInclude Include="Tools\Middleware\assimp\include\draco\compression\entropy\rans_symbol_decoder.h">
      <Filter>Middleware\assimp\include\draco\compression\entropy</Filter>
    </ClInclude>
    <ClInclude Include="Tools\Middleware\assimp\include\draco\compression\entropy\rans_symbol_encoder.h">
      <Filter>Middleware\assimp\include\draco\compression\entropy</Filter>
    </ClInclude>
    <ClInclude Include="Tools\Middleware\assimp\include\draco\compression\entropy\shannon_entropy.h">
      <Filter>Middleware\assimp\include\draco\compression\entropy</Filter>
    </ClInclude>
    <ClInclude Include="Tools\Middleware\assimp\include\draco\compression\entropy\symbol_decoding.h">
      <Filter>Middleware\assimp\include\draco\compression\entropy</Filter>
    </ClInclude>
    <ClInclude Include="Tools\Middleware\assimp\include\draco\compression\entropy\symbol_encoding.h">
      <Filter>Middleware\assimp\include\draco\compression\entropy</Filter>
    </ClInclude>
    <ClInclude Include="Tools\Middleware\assimp\include\draco\compression\expert_encode.h">
      <Filter>Middleware\assimp\include\draco\compression</Filter>
    </ClInclude>
    <ClInclude Include="Tools\Middleware\assimp\include\draco\compression\mesh\mesh_decoder.h">
      <Filter>Middleware\assimp\include\draco\compression\mesh</Filter>
    </ClInclude>
    <ClInclude Include="Tools\Middleware\assimp\include\draco\compression\mesh\mesh_edgebreaker_decoder.h">
      <Filter>Middleware\assimp\include\draco\compression\mesh</Filter>
    </ClInclude>
    <ClInclude Include="Tools\Middleware\assimp\include\draco\compression\mesh\mesh_edgebreaker_decoder_impl.h">
      <Filter>Middleware\assimp\include\draco\compression\mesh</Filter>
    </ClInclude>
    <ClInclude Include="Tools\Middleware\assimp\include\draco\compression\mesh\mesh_edgebreaker_decoder_impl_interface.h">
      <Filter>Middleware\assimp\include\draco\compression\mesh</Filter>
    </ClInclude>
    <ClInclude Include="Tools\Middleware\assimp\include\draco\compression\mesh\mesh_edgebreaker_encoder.h">
      <Filter>Middleware\assimp\include\draco\compression\mesh</Filter>
    </ClInclude>
    <ClInclude Include="Tools\Middleware\assimp\include\draco\compression\mesh\mesh_edgebreaker_encoder_impl.h">
      <Filter>Middleware\assimp\include\draco\compression\mesh</Filter>
    </ClInclude>
    <ClInclude Include="Tools\Middleware\assimp\include\draco\compression\mesh\mesh_edgebreaker_encoder_impl_interface.h">
      <Filter>Middleware\assimp\include\draco\compression\mesh</Filter>
    </ClInclude>
    <ClInclude Include="Tools\Middleware\assimp\include\draco\compression\mesh\mesh_edgebreaker_shared.h">
      <Filter>Middleware\assimp\include\draco\compression\mesh</Filter>
    </ClInclude>
    <ClInclude Include="Tools\Middleware\assimp\include\draco\compression\mesh\mesh_edgebreaker_traversal_decoder.h">
      <Filter>Middleware\assimp\include\draco\compression\mesh</Filter>
    </ClInclude>
    <ClInclude Include="Tools\Middleware\assimp\include\draco\compression\mesh\mesh_edgebreaker_traversal_encoder.h">
      <Filter>Middleware\assimp\include\draco\compression\mesh</Filter>
    </ClInclude>
    <ClInclude Include="Tools\Middleware\assimp\include\draco\compression\mesh\mesh_edgebreaker_traversal_predictive_decoder.h">
      <Filter>Middleware\assimp\include\draco\compression\mesh</Filter>
    </ClInclude>
    <ClInclude Include="Tools\Middleware\assimp\include\draco\compression\mesh\mesh_edgebreaker_traversal_predictive_encoder.h">
      <Filter>Middleware\assimp\include\draco\compression\mesh</Filter>
    </ClInclude>
    <ClInclude Include="Tools\Middleware\assimp\include\draco\compression\mesh\mesh_edgebreaker_traversal_valence_decoder.h">
      <Filter>Middleware\assimp\include\draco\compression\mesh</Filter>
    </ClInclude>
    <ClInclude Include="Tools\Middleware\assimp\include\draco\compression\mesh\mesh_edgebreaker_traversal_valence_encoder.h">
      <Filter>Middleware\assimp\include\draco\compression\mesh</Filter>
    </ClInclude>
    <ClInclude Include="Tools\Middleware\assimp\include\draco\compression\mesh\mesh_encoder.h">
      <Filter>Middleware\assimp\include\draco\compression\mesh</Filter>
    </ClInclude>
    <ClInclude Include="Tools\Middleware\assimp\include\draco\compression\mesh\mesh_sequential_decoder.h">
      <Filter>Middleware\assimp\include\draco\compression\mesh</Filter>
    </ClInclude>
    <ClInclude Include="Tools\Middleware\assimp\include\draco\compression\mesh\mesh_sequential_encoder.h">
      <Filter>Middleware\assimp\include\draco\compression\mesh</Filter>
    </ClInclude>
    <ClInclude Include="Tools\Middleware\assimp\include\draco\compression\mesh\traverser\depth_first_traverser.h">
      <Filter>Middleware\assimp\include\draco\compression\mesh\traverser</Filter>
    </ClInclude>
    <ClInclude Include="Tools\Middleware\assimp\include\draco\compression\mesh\traverser\max_prediction_degree_traverser.h">
      <Filter>Middleware\assimp\include\draco\compression\mesh\traverser</Filter>
    </ClInclude>
    <ClInclude Include="Tools\Middleware\assimp\include\draco\compression\mesh\traverser\mesh_attribute_indices_encoding_observer.h">
      <Filter>Middleware\assimp\include\draco\compression\mesh\traverser</Filter>
    </ClInclude>
    <ClInclude Include="Tools\Middleware\assimp\include\draco\compression\mesh\traverser\mesh_traversal_sequencer.h">
      <Filter>Middleware\assimp\include\draco\compression\mesh\traverser</Filter>
    </ClInclude>
    <ClInclude Include="Tools\Middleware\assimp\include\draco\compression\mesh\traverser\traverser_base.h">
      <Filter>Middleware\assimp\include\draco\compression\mesh\traverser</Filter>
    </ClInclude>
    <ClInclude Include="Tools\Middleware\assimp\include\draco\compression\point_cloud\algorithms\dynamic_integer_points_kd_tree_decoder.h">
      <Filter>Middleware\assimp\include\draco\compression\point_cloud\algorithms</Filter>
    </ClInclude>
    <ClInclude Include="Tools\Middleware\assimp\include\draco\compression\point_cloud\algorithms\dynamic_integer_points_kd_tree_encoder.h">
      <Filter>Middleware\assimp\include\draco\compression\point_cloud\algorithms</Filter>
    </ClInclude>
    <ClInclude Include="Tools\Middleware\assimp\include\draco\compression\point_cloud\algorithms\float_points_tree_decoder.h">
      <Filter>Middleware\assimp\include\draco\compression\point_cloud\algorithms</Filter>
    </ClInclude>
    <ClInclude Include="Tools\Middleware\assimp\include\draco\compression\point_cloud\algorithms\float_points_tree_encoder.h">
      <Filter>Middleware\assimp\include\draco\compression\point_cloud\algorithms</Filter>
    </ClInclude>
    <ClInclude Include="Tools\Middleware\assimp\include\draco\compression\point_cloud\algorithms\point_cloud_compression_method.h">
      <Filter>Middleware\assimp\include\draco\compression\point_cloud\algorithms</Filter>
    </ClInclude>
    <ClInclude Include="Tools\Middleware\assimp\include\draco\compression\point_cloud\algorithms\point_cloud_types.h">
      <Filter>Middleware\assimp\include\draco\compression\point_cloud\algorithms</Filter>
    </ClInclude>
    <ClInclude Include="Tools\Middleware\assimp\include\draco\compression\point_cloud\algorithms\quantize_points_3.h">
      <Filter>Middleware\assimp\include\draco\compression\point_cloud\algorithms</Filter>
    </ClInclude>
    <ClInclude Include="Tools\Middleware\assimp\include\draco\compression\point_cloud\algorithms\queuing_policy.h">
      <Filter>Middleware\assimp\include\draco\compression\point_cloud\algorithms</Filter>
    </ClInclude>
    <ClInclude Include="Tools\Middleware\assimp\include\draco\compression\point_cloud\point_cloud_decoder.h">
      <Filter>Middleware\assimp\include\draco\compression\point_cloud</Filter>
    </ClInclude>
    <ClInclude Include="Tools\Middleware\assimp\include\draco\compression\point_cloud\point_cloud_encoder.h">
      <Filter>Middleware\assimp\include\draco\compression\point_cloud</Filter>
    </ClInclude>
    <ClInclude Include="Tools\Middleware\assimp\include\draco\compression\point_cloud\point_cloud_kd_tree_decoder.h">
      <Filter>Middleware\assimp\include\draco\compression\point_cloud</Filter>
    </ClInclude>
    <ClInclude Include="Tools\Middleware\assimp\include\draco\compression\point_cloud\point_cloud_kd_tree_encoder.h">
      <Filter>Middleware\assimp\include\draco\compression\point_cloud</Filter>
    </ClInclude>
    <ClInclude Include="Tools\Middleware\assimp\include\draco\compression\point_cloud\point_cloud_sequential_decoder.h">
      <Filter>Middleware\assimp\include\draco\compression\point_cloud</Filter>
    </ClInclude>
    <ClInclude Include="Tools\Middleware\assimp\include\draco\compression\point_cloud\point_cloud_sequential_encoder.h">
      <Filter>Middleware\assimp\include\draco\compression\point_cloud</Filter>
    </ClInclude>
    <ClInclude Include="Tools\Middleware\assimp\include\draco\core\bit_utils.h">
      <Filter>Middleware\assimp\include\draco\core</Filter>
    </ClInclude>
    <ClInclude Include="Tools\Middleware\assimp\include\draco\core\bounding_box.h">
      <Filter>Middleware\assimp\include\draco\core</Filter>
    </ClInclude>
    <ClInclude Include="Tools\Middleware\assimp\include\draco\core\constants.h">
      <Filter>Middleware\assimp\include\draco\core</Filter>
    </ClInclude>
    <ClInclude Include="Tools\Middleware\assimp\include\draco\core\cycle_timer.h">
      <Filter>Middleware\assimp\include\draco\core</Filter>
    </ClInclude>
    <ClInclude Include="Tools\Middleware\assimp\include\draco\core\data_buffer.h">
      <Filter>Middleware\assimp\include\draco\core</Filter>
    </ClInclude>
    <ClInclude Include="Tools\Middleware\assimp\include\draco\core\decoder_buffer.h">
      <Filter>Middleware\assimp\include\draco\core</Filter>
    </ClInclude>
    <ClInclude Include="Tools\Middleware\assimp\include\draco\core\divide.h">
      <Filter>Middleware\assimp\include\draco\core</Filter>
    </ClInclude>
    <ClInclude Include="Tools\Middleware\assimp\include\draco\core\draco_index_type.h">
      <Filter>Middleware\assimp\include\draco\core</Filter>
    </ClInclude>
    <ClInclude Include="Tools\Middleware\assimp\include\draco\core\draco_index_type_vector.h">
      <Filter>Middleware\assimp\include\draco\core</Filter>
    </ClInclude>
    <ClInclude Include="Tools\Middleware\assimp\include\draco\core\draco_types.h">
      <Filter>Middleware\assimp\include\draco\core</Filter>
    </ClInclude>
    <ClInclude Include="Tools\Middleware\assimp\include\draco\core\draco_version.h">
      <Filter>Middleware\assimp\include\draco\core</Filter>
    </ClInclude>
    <ClInclude Include="Tools\Middleware\assimp\include\draco\core\encoder_buffer.h">
      <Filter>Middleware\assimp\include\draco\core</Filter>
    </ClInclude>
    <ClInclude Include="Tools\Middleware\assimp\include\draco\core\hash_utils.h">
      <Filter>Middleware\assimp\include\draco\core</Filter>
    </ClInclude>
    <ClInclude Include="Tools\Middleware\assimp\include\draco\core\macros.h">
      <Filter>Middleware\assimp\include\draco\core</Filter>
    </ClInclude>
    <ClInclude Include="Tools\Middleware\assimp\include\draco\core\math_utils.h">
      <Filter>Middleware\assimp\include\draco\core</Filter>
    </ClInclude>
    <ClInclude Include="Tools\Middleware\assimp\include\draco\core\options.h">
      <Filter>Middleware\assimp\include\draco\core</Filter>
    </ClInclude>
    <ClInclude Include="Tools\Middleware\assimp\include\draco\core\quantization_utils.h">
      <Filter>Middleware\assimp\include\draco\core</Filter>
    </ClInclude>
    <ClInclude Include="Tools\Middleware\assimp\include\draco\core\status.h">
      <Filter>Middleware\assimp\include\draco\core</Filter>
    </ClInclude>
    <ClInclude Include="Tools\Middleware\assimp\include\draco\core\status_or.h">
      <Filter>Middleware\assimp\include\draco\core</Filter>
    </ClInclude>
    <ClInclude Include="Tools\Middleware\assimp\include\draco\core\varint_decoding.h">
      <Filter>Middleware\assimp\include\draco\core</Filter>
    </ClInclude>
    <ClInclude Include="Tools\Middleware\assimp\include\draco\core\varint_encoding.h">
      <Filter>Middleware\assimp\include\draco\core</Filter>
    </ClInclude>
    <ClInclude Include="Tools\Middleware\assimp\include\draco\core\vector_d.h">
      <Filter>Middleware\assimp\include\draco\core</Filter>
    </ClInclude>
    <ClInclude Include="Tools\Middleware\assimp\include\draco\draco_features.h">
      <Filter>Middleware\assimp\include\draco</Filter>
    </ClInclude>
    <ClInclude Include="Tools\Middleware\assimp\include\draco\io\file_reader_factory.h">
      <Filter>Middleware\assimp\include\draco\io</Filter>
    </ClInclude>
    <ClInclude Include="Tools\Middleware\assimp\include\draco\io\file_reader_interface.h">
      <Filter>Middleware\assimp\include\draco\io</Filter>
    </ClInclude>
    <ClInclude Include="Tools\Middleware\assimp\include\draco\io\file_utils.h">
      <Filter>Middleware\assimp\include\draco\io</Filter>
    </ClInclude>
    <ClInclude Include="Tools\Middleware\assimp\include\draco\io\file_writer_factory.h">
      <Filter>Middleware\assimp\include\draco\io</Filter>
    </ClInclude>
    <ClInclude Include="Tools\Middleware\assimp\include\draco\io\file_writer_interface.h">
      <Filter>Middleware\assimp\include\draco\io</Filter>
    </ClInclude>
    <ClInclude Include="Tools\Middleware\assimp\include\draco\io\file_writer_utils.h">
      <Filter>Middleware\assimp\include\draco\io</Filter>
    </ClInclude>
    <ClInclude Include="Tools\Middleware\assimp\include\draco\io\mesh_io.h">
      <Filter>Middleware\assimp\include\draco\io</Filter>
    </ClInclude>
    <ClInclude Include="Tools\Middleware\assimp\include\draco\io\obj_decoder.h">
      <Filter>Middleware\assimp\include\draco\io</Filter>
    </ClInclude>
    <ClInclude Include="Tools\Middleware\assimp\include\draco\io\obj_encoder.h">
      <Filter>Middleware\assimp\include\draco\io</Filter>
    </ClInclude>
    <ClInclude Include="Tools\Middleware\assimp\include\draco\io\parser_utils.h">
      <Filter>Middleware\assimp\include\draco\io</Filter>
    </ClInclude>
    <ClInclude Include="Tools\Middleware\assimp\include\draco\io\ply_decoder.h">
      <Filter>Middleware\assimp\include\draco\io</Filter>
    </ClInclude>
    <ClInclude Include="Tools\Middleware\assimp\include\draco\io\ply_encoder.h">
      <Filter>Middleware\assimp\include\draco\io</Filter>
    </ClInclude>
    <ClInclude Include="Tools\Middleware\assimp\include\draco\io\ply_property_reader.h">
      <Filter>Middleware\assimp\include\draco\io</Filter>
    </ClInclude>
    <ClInclude Include="Tools\Middleware\assimp\include\draco\io\ply_property_writer.h">
      <Filter>Middleware\assimp\include\draco\io</Filter>
    </ClInclude>
    <ClInclude Include="Tools\Middleware\assimp\include\draco\io\ply_reader.h">
      <Filter>Middleware\assimp\include\draco\io</Filter>
    </ClInclude>
    <ClInclude Include="Tools\Middleware\assimp\include\draco\io\point_cloud_io.h">
      <Filter>Middleware\assimp\include\draco\io</Filter>
    </ClInclude>
    <ClInclude Include="Tools\Middleware\assimp\include\draco\io\stdio_file_reader.h">
      <Filter>Middleware\assimp\include\draco\io</Filter>
    </ClInclude>
    <ClInclude Include="Tools\Middleware\assimp\include\draco\io\stdio_file_writer.h">
      <Filter>Middleware\assimp\include\draco\io</Filter>
    </ClInclude>
    <ClInclude Include="Tools\Middleware\assimp\include\draco\io\stl_decoder.h">
      <Filter>Middleware\assimp\include\draco\io</Filter>
    </ClInclude>
    <ClInclude Include="Tools\Middleware\assimp\include\draco\io\stl_encoder.h">
      <Filter>Middleware\assimp\include\draco\io</Filter>
    </ClInclude>
    <ClInclude Include="Tools\Middleware\assimp\include\draco\mesh\corner_table.h">
      <Filter>Middleware\assimp\include\draco\mesh</Filter>
    </ClInclude>
    <ClInclude Include="Tools\Middleware\assimp\include\draco\mesh\corner_table_iterators.h">
      <Filter>Middleware\assimp\include\draco\mesh</Filter>
    </ClInclude>
    <ClInclude Include="Tools\Middleware\assimp\include\draco\mesh\mesh.h">
      <Filter>Middleware\assimp\include\draco\mesh</Filter>
    </ClInclude>
    <ClInclude Include="Tools\Middleware\assimp\include\draco\mesh\mesh_are_equivalent.h">
      <Filter>Middleware\assimp\include\draco\mesh</Filter>
    </ClInclude>
    <ClInclude Include="Tools\Middleware\assimp\include\draco\mesh\mesh_attribute_corner_table.h">
      <Filter>Middleware\assimp\include\draco\mesh</Filter>
    </ClInclude>
    <ClInclude Include="Tools\Middleware\assimp\include\draco\mesh\mesh_cleanup.h">
      <Filter>Middleware\assimp\include\draco\mesh</Filter>
    </ClInclude>
    <ClInclude Include="Tools\Middleware\assimp\include\draco\mesh\mesh_features.h">
      <Filter>Middleware\assimp\include\draco\mesh</Filter>
    </ClInclude>
    <ClInclude Include="Tools\Middleware\assimp\include\draco\mesh\mesh_indices.h">
      <Filter>Middleware\assimp\include\draco\mesh</Filter>
    </ClInclude>
    <ClInclude Include="Tools\Middleware\assimp\include\draco\mesh\mesh_misc_functions.h">
      <Filter>Middleware\assimp\include\draco\mesh</Filter>
    </ClInclude>
    <ClInclude Include="Tools\Middleware\assimp\include\draco\mesh\mesh_stripifier.h">
      <Filter>Middleware\assimp\include\draco\mesh</Filter>
    </ClInclude>
    <ClInclude Include="Tools\Middleware\assimp\include\draco\mesh\triangle_soup_mesh_builder.h">
      <Filter>Middleware\assimp\include\draco\mesh</Filter>
    </ClInclude>
    <ClInclude Include="Tools\Middleware\assimp\include\draco\mesh\valence_cache.h">
      <Filter>Middleware\assimp\include\draco\mesh</Filter>
    </ClInclude>
    <ClInclude Include="Tools\Middleware\assimp\include\draco\metadata\geometry_metadata.h">
      <Filter>Middleware\assimp\include\draco\metadata</Filter>
    </ClInclude>
    <ClInclude Include="Tools\Middleware\assimp\include\draco\metadata\metadata.h">
      <Filter>Middleware\assimp\include\draco\metadata</Filter>
    </ClInclude>
    <ClInclude Include="Tools\Middleware\assimp\include\draco\metadata\metadata_decoder.h">
      <Filter>Middleware\assimp\include\draco\metadata</Filter>
    </ClInclude>
    <ClInclude Include="Tools\Middleware\assimp\include\draco\metadata\metadata_encoder.h">
      <Filter>Middleware\assimp\include\draco\metadata</Filter>
    </ClInclude>
    <ClInclude Include="Tools\Middleware\assimp\include\draco\metadata\property_attribute.h">
      <Filter>Middleware\assimp\include\draco\metadata</Filter>
    </ClInclude>
    <ClInclude Include="Tools\Middleware\assimp\include\draco\metadata\property_table.h">
      <Filter>Middleware\assimp\include\draco\metadata</Filter>
    </ClInclude>
    <ClInclude Include="Tools\Middleware\assimp\include\draco\metadata\structural_metadata.h">
      <Filter>Middleware\assimp\include\draco\metadata</Filter>
    </ClInclude>
    <ClInclude Include="Tools\Middleware\assimp\include\draco\metadata\structural_metadata_schema.h">
      <Filter>Middleware\assimp\include\draco\metadata</Filter>
    </ClInclude>
    <ClInclude Include="Tools\Middleware\assimp\include\draco\point_cloud\point_cloud.h">
      <Filter>Middleware\assimp\include\draco\point_cloud</Filter>
    </ClInclude>
    <ClInclude Include="Tools\Middleware\assimp\include\draco\point_cloud\point_cloud_builder.h">
      <Filter>Middleware\assimp\include\draco\point_cloud</Filter>
    </ClInclude>
    <ClInclude Include="Tools\Middleware\assimp\include\kubazip\zip\zip.h">
      <Filter>Middleware\assimp\include\kubazip\zip</Filter>
    </ClInclude>
    <ClInclude Include="Tools\Middleware\assimp\include\poly2tri\common\dll_symbol.h">
      <Filter>Middleware\assimp\include\poly2tri\common</Filter>
    </ClInclude>
    <ClInclude Include="Tools\Middleware\assimp\include\poly2tri\common\shapes.h">
      <Filter>Middleware\assimp\include\poly2tri\common</Filter>
    </ClInclude>
    <ClInclude Include="Tools\Middleware\assimp\include\poly2tri\common\utils.h">
      <Filter>Middleware\assimp\include\poly2tri\common</Filter>
    </ClInclude>
    <ClInclude Include="Tools\Middleware\assimp\include\poly2tri\poly2tri.h">
      <Filter>Middleware\assimp\include\poly2tri</Filter>
    </ClInclude>
    <ClInclude Include="Tools\Middleware\assimp\include\poly2tri\sweep\advancing_front.h">
      <Filter>Middleware\assimp\include\poly2tri\sweep</Filter>
    </ClInclude>
    <ClInclude Include="Tools\Middleware\assimp\include\poly2tri\sweep\cdt.h">
      <Filter>Middleware\assimp\include\poly2tri\sweep</Filter>
    </ClInclude>
    <ClInclude Include="Tools\Middleware\assimp\include\poly2tri\sweep\sweep.h">
      <Filter>Middleware\assimp\include\poly2tri\sweep</Filter>
    </ClInclude>
    <ClInclude Include="Tools\Middleware\assimp\include\poly2tri\sweep\sweep_context.h">
      <Filter>Middleware\assimp\include\poly2tri\sweep</Filter>
    </ClInclude>
    <ClInclude Include="Tools\Middleware\assimp\include\rapidjson\allocators.h">
      <Filter>Middleware\assimp\include\rapidjson</Filter>
    </ClInclude>
    <ClInclude Include="Tools\Middleware\assimp\include\rapidjson\cursorstreamwrapper.h">
      <Filter>Middleware\assimp\include\rapidjson</Filter>
    </ClInclude>
    <ClInclude Include="Tools\Middleware\assimp\include\rapidjson\document.h">
      <Filter>Middleware\assimp\include\rapidjson</Filter>
    </ClInclude>
    <ClInclude Include="Tools\Middleware\assimp\include\rapidjson\encodedstream.h">
      <Filter>Middleware\assimp\include\rapidjson</Filter>
    </ClInclude>
    <ClInclude Include="Tools\Middleware\assimp\include\rapidjson\encodings.h">
      <Filter>Middleware\assimp\include\rapidjson</Filter>
    </ClInclude>
    <ClInclude Include="Tools\Middleware\assimp\include\rapidjson\error\en.h">
      <Filter>Middleware\assimp\include\rapidjson\error</Filter>
    </ClInclude>
    <ClInclude Include="Tools\Middleware\assimp\include\rapidjson\error\error.h">
      <Filter>Middleware\assimp\include\rapidjson\error</Filter>
    </ClInclude>
    <ClInclude Include="Tools\Middleware\assimp\include\rapidjson\filereadstream.h">
      <Filter>Middleware\assimp\include\rapidjson</Filter>
    </ClInclude>
    <ClInclude Include="Tools\Middleware\assimp\include\rapidjson\filewritestream.h">
      <Filter>Middleware\assimp\include\rapidjson</Filter>
    </ClInclude>
    <ClInclude Include="Tools\Middleware\assimp\include\rapidjson\fwd.h">
      <Filter>Middleware\assimp\include\rapidjson</Filter>
    </ClInclude>
    <ClInclude Include="Tools\Middleware\assimp\include\rapidjson\internal\biginteger.h">
      <Filter>Middleware\assimp\include\rapidjson\internal</Filter>
    </ClInclude>
    <ClInclude Include="Tools\Middleware\assimp\include\rapidjson\internal\clzll.h">
      <Filter>Middleware\assimp\include\rapidjson\internal</Filter>
    </ClInclude>
    <ClInclude Include="Tools\Middleware\assimp\include\rapidjson\internal\diyfp.h">
      <Filter>Middleware\assimp\include\rapidjson\internal</Filter>
    </ClInclude>
    <ClInclude Include="Tools\Middleware\assimp\include\rapidjson\internal\dtoa.h">
      <Filter>Middleware\assimp\include\rapidjson\internal</Filter>
    </ClInclude>
    <ClInclude Include="Tools\Middleware\assimp\include\rapidjson\internal\ieee754.h">
      <Filter>Middleware\assimp\include\rapidjson\internal</Filter>
    </ClInclude>
    <ClInclude Include="Tools\Middleware\assimp\include\rapidjson\internal\itoa.h">
      <Filter>Middleware\assimp\include\rapidjson\internal</Filter>
    </ClInclude>
    <ClInclude Include="Tools\Middleware\assimp\include\rapidjson\internal\meta.h">
      <Filter>Middleware\assimp\include\rapidjson\internal</Filter>
    </ClInclude>
    <ClInclude Include="Tools\Middleware\assimp\include\rapidjson\internal\pow10.h">
      <Filter>Middleware\assimp\include\rapidjson\internal</Filter>
    </ClInclude>
    <ClInclude Include="Tools\Middleware\assimp\include\rapidjson\internal\regex.h">
      <Filter>Middleware\assimp\include\rapidjson\internal</Filter>
    </ClInclude>
    <ClInclude Include="Tools\Middleware\assimp\include\rapidjson\internal\stack.h">
      <Filter>Middleware\assimp\include\rapidjson\internal</Filter>
    </ClInclude>
    <ClInclude Include="Tools\Middleware\assimp\include\rapidjson\internal\strfunc.h">
      <Filter>Middleware\assimp\include\rapidjson\internal</Filter>
    </ClInclude>
    <ClInclude Include="Tools\Middleware\assimp\include\rapidjson\internal\strtod.h">
      <Filter>Middleware\assimp\include\rapidjson\internal</Filter>
    </ClInclude>
    <ClInclude Include="Tools\Middleware\assimp\include\rapidjson\internal\swap.h">
      <Filter>Middleware\assimp\include\rapidjson\internal</Filter>
    </ClInclude>
    <ClInclude Include="Tools\Middleware\assimp\include\rapidjson\istreamwrapper.h">
      <Filter>Middleware\assimp\include\rapidjson</Filter>
    </ClInclude>
    <ClInclude Include="Tools\Middleware\assimp\include\rapidjson\memorybuffer.h">
      <Filter>Middleware\assimp\include\rapidjson</Filter>
    </ClInclude>
    <ClInclude Include="Tools\Middleware\assimp\include\rapidjson\memorystream.h">
      <Filter>Middleware\assimp\include\rapidjson</Filter>
    </ClInclude>
    <ClInclude Include="Tools\Middleware\assimp\include\rapidjson\msinttypes\inttypes.h">
      <Filter>Middleware\assimp\include\rapidjson\msinttypes</Filter>
    </ClInclude>
    <ClInclude Include="Tools\Middleware\assimp\include\rapidjson\msinttypes\stdint.h">
      <Filter>Middleware\assimp\include\rapidjson\msinttypes</Filter>
    </ClInclude>
    <ClInclude Include="Tools\Middleware\assimp\include\rapidjson\ostreamwrapper.h">
      <Filter>Middleware\assimp\include\rapidjson</Filter>
    </ClInclude>
    <ClInclude Include="Tools\Middleware\assimp\include\rapidjson\pointer.h">
      <Filter>Middleware\assimp\include\rapidjson</Filter>
    </ClInclude>
    <ClInclude Include="Tools\Middleware\assimp\include\rapidjson\prettywriter.h">
      <Filter>Middleware\assimp\include\rapidjson</Filter>
    </ClInclude>
    <ClInclude Include="Tools\Middleware\assimp\include\rapidjson\rapidjson.h">
      <Filter>Middleware\assimp\include\rapidjson</Filter>
    </ClInclude>
    <ClInclude Include="Tools\Middleware\assimp\include\rapidjson\reader.h">
      <Filter>Middleware\assimp\include\rapidjson</Filter>
    </ClInclude>
    <ClInclude Include="Tools\Middleware\assimp\include\rapidjson\schema.h">
      <Filter>Middleware\assimp\include\rapidjson</Filter>
    </ClInclude>
    <ClInclude Include="Tools\Middleware\assimp\include\rapidjson\stream.h">
      <Filter>Middleware\assimp\include\rapidjson</Filter>
    </ClInclude>
    <ClInclude Include="Tools\Middleware\assimp\include\rapidjson\stringbuffer.h">
      <Filter>Middleware\assimp\include\rapidjson</Filter>
    </ClInclude>
    <ClInclude Include="Tools\Middleware\assimp\include\rapidjson\uri.h">
      <Filter>Middleware\assimp\include\rapidjson</Filter>
    </ClInclude>
    <ClInclude Include="Tools\Middleware\assimp\include\rapidjson\writer.h">
      <Filter>Middleware\assimp\include\rapidjson</Filter>
    </ClInclude>
    <ClInclude Include="Tools\Middleware\assimp\include\stb_connected_components.h">
      <Filter>Middleware\assimp\include</Filter>
    </ClInclude>
    <ClInclude Include="Tools\Middleware\assimp\include\stb_c_lexer.h">
      <Filter>Middleware\assimp\include</Filter>
    </ClInclude>
    <ClInclude Include="Tools\Middleware\assimp\include\stb_divide.h">
      <Filter>Middleware\assimp\include</Filter>
    </ClInclude>
    <ClInclude Include="Tools\Middleware\assimp\include\stb_ds.h">
      <Filter>Middleware\assimp\include</Filter>
    </ClInclude>
    <ClInclude Include="Tools\Middleware\assimp\include\stb_dxt.h">
      <Filter>Middleware\assimp\include</Filter>
    </ClInclude>
    <ClInclude Include="Tools\Middleware\assimp\include\stb_easy_font.h">
      <Filter>Middleware\assimp\include</Filter>
    </ClInclude>
    <ClInclude Include="Tools\Middleware\assimp\include\stb_herringbone_wang_tile.h">
      <Filter>Middleware\assimp\include</Filter>
    </ClInclude>
    <ClInclude Include="Tools\Middleware\assimp\include\stb_hexwave.h">
      <Filter>Middleware\assimp\include</Filter>
    </ClInclude>
    <ClInclude Include="Tools\Middleware\assimp\include\stb_image.h">
      <Filter>Middleware\assimp\include</Filter>
    </ClInclude>
    <ClInclude Include="Tools\Middleware\assimp\include\stb_image_resize.h">
      <Filter>Middleware\assimp\include</Filter>
    </ClInclude>
    <ClInclude Include="Tools\Middleware\assimp\include\stb_image_write.h">
      <Filter>Middleware\assimp\include</Filter>
    </ClInclude>
    <ClInclude Include="Tools\Middleware\assimp\include\stb_include.h">
      <Filter>Middleware\assimp\include</Filter>
    </ClInclude>
    <ClInclude Include="Tools\Middleware\assimp\include\stb_leakcheck.h">
      <Filter>Middleware\assimp\include</Filter>
    </ClInclude>
    <ClInclude Include="Tools\Middleware\assimp\include\stb_perlin.h">
      <Filter>Middleware\assimp\include</Filter>
    </ClInclude>
    <ClInclude Include="Tools\Middleware\assimp\include\stb_rect_pack.h">
      <Filter>Middleware\assimp\include</Filter>
    </ClInclude>
    <ClInclude Include="Tools\Middleware\assimp\include\stb_sprintf.h">
      <Filter>Middleware\assimp\include</Filter>
    </ClInclude>
    <ClInclude Include="Tools\Middleware\assimp\include\stb_textedit.h">
      <Filter>Middleware\assimp\include</Filter>
    </ClInclude>
    <ClInclude Include="Tools\Middleware\assimp\include\stb_tilemap_editor.h">
      <Filter>Middleware\assimp\include</Filter>
    </ClInclude>
    <ClInclude Include="Tools\Middleware\assimp\include\stb_truetype.h">
      <Filter>Middleware\assimp\include</Filter>
    </ClInclude>
    <ClInclude Include="Tools\Middleware\assimp\include\stb_voxel_render.h">
      <Filter>Middleware\assimp\include</Filter>
    </ClInclude>
    <ClInclude Include="Tools\Middleware\assimp\include\utf8cpp\utf8.h">
      <Filter>Middleware\assimp\include\utf8cpp</Filter>
    </ClInclude>
    <ClInclude Include="Tools\Middleware\assimp\include\utf8cpp\utf8\checked.h">
      <Filter>Middleware\assimp\include\utf8cpp\utf8</Filter>
    </ClInclude>
    <ClInclude Include="Tools\Middleware\assimp\include\utf8cpp\utf8\core.h">
      <Filter>Middleware\assimp\include\utf8cpp\utf8</Filter>
    </ClInclude>
    <ClInclude Include="Tools\Middleware\assimp\include\utf8cpp\utf8\cpp11.h">
      <Filter>Middleware\assimp\include\utf8cpp\utf8</Filter>
    </ClInclude>
    <ClInclude Include="Tools\Middleware\assimp\include\utf8cpp\utf8\cpp17.h">
      <Filter>Middleware\assimp\include\utf8cpp\utf8</Filter>
    </ClInclude>
    <ClInclude Include="Tools\Middleware\assimp\include\utf8cpp\utf8\cpp20.h">
      <Filter>Middleware\assimp\include\utf8cpp\utf8</Filter>
    </ClInclude>
    <ClInclude Include="Tools\Middleware\assimp\include\utf8cpp\utf8\unchecked.h">
      <Filter>Middleware\assimp\include\utf8cpp\utf8</Filter>
    </ClInclude>
    <ClInclude Include="Tools\Middleware\assimp\include\zconf.h">
      <Filter>Middleware\assimp\include</Filter>
    </ClInclude>
    <ClInclude Include="Tools\Middleware\assimp\include\zlib.h">
      <Filter>Middleware\assimp\include</Filter>
    </ClInclude>
    <ClInclude Include="Tools\Middleware\imgui-1.91.0\backends\imgui_impl_glfw.h">
      <Filter>Middleware\imgui-1.91.0\backends</Filter>
    </ClInclude>
    <ClInclude Include="Tools\Middleware\imgui-1.91.0\backends\imgui_impl_metal.h">
      <Filter>Middleware\imgui-1.91.0\backends</Filter>
    </ClInclude>
    <ClInclude Include="Tools\Middleware\imgui-1.91.0\backends\imgui_impl_osx.h">
      <Filter>Middleware\imgui-1.91.0\backends</Filter>
    </ClInclude>
    <ClInclude Include="Tools\Middleware\imgui-1.91.0\backends\imgui_impl_vulkan.h">
      <Filter>Middleware\imgui-1.91.0\backends</Filter>
    </ClInclude>
    <ClInclude Include="Tools\Middleware\imgui-1.91.0\backends\imgui_impl_win32.h">
      <Filter>Middleware\imgui-1.91.0\backends</Filter>
    </ClInclude>
    <ClInclude Include="Tools\Middleware\imgui-1.91.0\imconfig.h">
      <Filter>Middleware\imgui-1.91.0</Filter>
    </ClInclude>
    <ClInclude Include="Tools\Middleware\imgui-1.91.0\imgui.h">
      <Filter>Middleware\imgui-1.91.0</Filter>
    </ClInclude>
    <ClInclude Include="Tools\Middleware\imgui-1.91.0\imgui_internal.h">
      <Filter>Middleware\imgui-1.91.0</Filter>
    </ClInclude>
    <ClInclude Include="Tools\Middleware\imgui-1.91.0\imstb_rectpack.h">
      <Filter>Middleware\imgui-1.91.0</Filter>
    </ClInclude>
    <ClInclude Include="Tools\Middleware\imgui-1.91.0\imstb_textedit.h">
      <Filter>Middleware\imgui-1.91.0</Filter>
    </ClInclude>
    <ClInclude Include="Tools\Middleware\imgui-1.91.0\imstb_truetype.h">
      <Filter>Middleware\imgui-1.91.0</Filter>
    </ClInclude>
    <ClInclude Include="Tools\Middleware\stb\stb_image.h">
      <Filter>Middleware\stb</Filter>
    </ClInclude>
    <ClInclude Include="Tools\Zenith_Tools_MeshExport.h" />
    <ClInclude Include="Tools\Zenith_Tools_TerrainExport.h" />
    <ClInclude Include="Tools\Zenith_Tools_TextureExport.h" />
    <ClInclude Include="Zenith\Flux\MeshGeometry\Flux_MeshGeometry.h">
      <Filter>Zenith\Flux\MeshGeometry</Filter>
    </ClInclude>
  </ItemGroup>
  <ItemGroup>
    <Filter Include="Middleware">
      <UniqueIdentifier>{eebf12a1-b020-34d6-90e9-3e7c687338df}</UniqueIdentifier>
    </Filter>
    <Filter Include="Middleware\assimp">
      <UniqueIdentifier>{018eba4d-8b14-b3f1-501c-b0e6cddc2c6a}</UniqueIdentifier>
    </Filter>
    <Filter Include="Middleware\assimp\include">
      <UniqueIdentifier>{8dafd33c-0644-ff5a-5f0a-4eb812291526}</UniqueIdentifier>
    </Filter>
    <Filter Include="Middleware\assimp\include\assimp">
      <UniqueIdentifier>{8d07a530-37c1-abda-96ce-af11419b8745}</UniqueIdentifier>
    </Filter>
    <Filter Include="Middleware\assimp\include\assimp\Compiler">
      <UniqueIdentifier>{fa2f3611-63a3-a188-cba5-179b125c9aa4}</UniqueIdentifier>
    </Filter>
    <Filter Include="Middleware\assimp\include\draco">
      <UniqueIdentifier>{4505f169-9587-ad2e-f200-6ae2b1d2771f}</UniqueIdentifier>
    </Filter>
    <Filter Include="Middleware\assimp\include\draco\animation">
      <UniqueIdentifier>{8d8c2bb9-a146-82c3-aeb1-409cf87334db}</UniqueIdentifier>
    </Filter>
    <Filter Include="Middleware\assimp\include\draco\attributes">
      <UniqueIdentifier>{13af2411-ea37-fac9-57dd-1c2624b0396d}</UniqueIdentifier>
    </Filter>
    <Filter Include="Middleware\assimp\include\draco\compression">
      <UniqueIdentifier>{c12a70e6-16f2-4ce0-11e1-a970ce29673e}</UniqueIdentifier>
    </Filter>
    <Filter Include="Middleware\assimp\include\draco\compression\attributes">
      <UniqueIdentifier>{572edf9b-7801-fcc3-20eb-a7bf45d84bbe}</UniqueIdentifier>
    </Filter>
    <Filter Include="Middleware\assimp\include\draco\compression\attributes\prediction_schemes">
      <UniqueIdentifier>{894f6f27-5392-3063-67d4-d642c7aa8fab}</UniqueIdentifier>
    </Filter>
    <Filter Include="Middleware\assimp\include\draco\compression\bit_coders">
      <UniqueIdentifier>{843e8d8b-93ec-8395-d444-3d6bdcd895f5}</UniqueIdentifier>
    </Filter>
    <Filter Include="Middleware\assimp\include\draco\compression\config">
      <UniqueIdentifier>{df06e35c-f6be-8892-7667-5a19dff410d4}</UniqueIdentifier>
    </Filter>
    <Filter Include="Middleware\assimp\include\draco\compression\entropy">
      <UniqueIdentifier>{18063e9a-ba44-eab5-1bfc-c8b442d960c8}</UniqueIdentifier>
    </Filter>
    <Filter Include="Middleware\assimp\include\draco\compression\mesh">
      <UniqueIdentifier>{953294ea-a5e6-e7ac-4cc0-8f7e185feb2c}</UniqueIdentifier>
    </Filter>
    <Filter Include="Middleware\assimp\include\draco\compression\mesh\traverser">
      <UniqueIdentifier>{f4ef06b1-6fdc-61fb-d3f9-c2c3714f3ae6}</UniqueIdentifier>
    </Filter>
    <Filter Include="Middleware\assimp\include\draco\compression\point_cloud">
      <UniqueIdentifier>{bab34be9-0df6-27a2-a390-580f387d273f}</UniqueIdentifier>
    </Filter>
    <Filter Include="Middleware\assimp\include\draco\compression\point_cloud\algorithms">
      <UniqueIdentifier>{59596348-fdd7-32df-a069-a03432293431}</UniqueIdentifier>
    </Filter>
    <Filter Include="Middleware\assimp\include\draco\core">
      <UniqueIdentifier>{404811ed-7e63-abe9-12ac-c526fea6aacd}</UniqueIdentifier>
    </Filter>
    <Filter Include="Middleware\assimp\include\draco\io">
      <UniqueIdentifier>{1d1e01ed-9905-df90-e4c3-11fe8889aba6}</UniqueIdentifier>
    </Filter>
    <Filter Include="Middleware\assimp\include\draco\mesh">
      <UniqueIdentifier>{b8283326-34ac-836e-5abf-2e7d4556fd20}</UniqueIdentifier>
    </Filter>
    <Filter Include="Middleware\assimp\include\draco\metadata">
      <UniqueIdentifier>{c02f0a4a-d9ec-d74e-b70d-a11ab8c86574}</UniqueIdentifier>
    </Filter>
    <Filter Include="Middleware\assimp\include\draco\point_cloud">
      <UniqueIdentifier>{cbf3d939-f449-543a-1c46-13c497404349}</UniqueIdentifier>
    </Filter>
    <Filter Include="Middleware\assimp\include\kubazip">
      <UniqueIdentifier>{b7132c7d-27ed-0099-1c32-cf27a509f922}</UniqueIdentifier>
    </Filter>
    <Filter Include="Middleware\assimp\include\kubazip\zip">
      <UniqueIdentifier>{aeae5427-b892-97c1-205a-e10cac3e2a58}</UniqueIdentifier>
    </Filter>
    <Filter Include="Middleware\assimp\include\poly2tri">
      <UniqueIdentifier>{0529f399-2741-6de0-47fd-cf1f9307fca3}</UniqueIdentifier>
    </Filter>
    <Filter Include="Middleware\assimp\include\poly2tri\common">
      <UniqueIdentifier>{e23f9e43-de19-0e74-8bf4-7b73b882d8c6}</UniqueIdentifier>
    </Filter>
    <Filter Include="Middleware\assimp\include\poly2tri\sweep">
      <UniqueIdentifier>{384b2af8-6feb-2769-dff6-d678848cd8a8}</UniqueIdentifier>
    </Filter>
    <Filter Include="Middleware\assimp\include\rapidjson">
      <UniqueIdentifier>{dd1dfe7f-4742-f979-4d77-d6548e1b8647}</UniqueIdentifier>
    </Filter>
    <Filter Include="Middleware\assimp\include\rapidjson\error">
      <UniqueIdentifier>{f1ba76d6-944c-b9e6-8ccc-554e9888a2c9}</UniqueIdentifier>
    </Filter>
    <Filter Include="Middleware\assimp\include\rapidjson\internal">
      <UniqueIdentifier>{ea116bb8-c1bf-27e4-b90a-cc9635dbc219}</UniqueIdentifier>
    </Filter>
    <Filter Include="Middleware\assimp\include\rapidjson\msinttypes">
      <UniqueIdentifier>{ab0556d6-490c-1ac2-6602-3e2f266cc8da}</UniqueIdentifier>
    </Filter>
    <Filter Include="Middleware\assimp\include\utf8cpp">
      <UniqueIdentifier>{d0e3b5cc-af86-8ad1-9944-6f46b3b71c1e}</UniqueIdentifier>
    </Filter>
    <Filter Include="Middleware\assimp\include\utf8cpp\utf8">
      <UniqueIdentifier>{c1b2d1d5-cc13-5fec-7603-323dab167d1b}</UniqueIdentifier>
    </Filter>
    <Filter Include="Middleware\imgui-1.91.0">
      <UniqueIdentifier>{deef4c08-75b6-b885-20cd-d72a510036c5}</UniqueIdentifier>
    </Filter>
    <Filter Include="Middleware\imgui-1.91.0\backends">
      <UniqueIdentifier>{59eb22f9-7d33-c1ad-105a-5ecaf013d4e9}</UniqueIdentifier>
    </Filter>
    <Filter Include="Middleware\stb">
      <UniqueIdentifier>{1c48f21f-8e0e-fc25-4967-888a7f33c7b8}</UniqueIdentifier>
    </Filter>
    <Filter Include="Zenith">
      <UniqueIdentifier>{951448da-1e31-be13-d840-5e0fcc115357}</UniqueIdentifier>
    </Filter>
    <Filter Include="Zenith\Flux">
      <UniqueIdentifier>{9d602350-76e0-e794-ea6c-7f4e438d0b6b}</UniqueIdentifier>
    </Filter>
    <Filter Include="Zenith\Flux\MeshGeometry">
      <UniqueIdentifier>{1ea2a6e2-5586-54cd-e29c-f7b7caaa7806}</UniqueIdentifier>
    </Filter>
  </ItemGroup>
</Project>