<?xml version="1.0" encoding="utf-8"?>
<Project ToolsVersion="17.0" xmlns="http://schemas.microsoft.com/developer/msbuild/2003">
  <ItemGroup>
    <ClCompile Include="..\Middleware\imgui-docking\backends\imgui_impl_dx11.cpp">
      <Filter>Middleware\imgui-docking\backends</Filter>
    </ClCompile>
    <ClCompile Include="..\Middleware\imgui-docking\backends\imgui_impl_win32.cpp">
      <Filter>Middleware\imgui-docking\backends</Filter>
    </ClCompile>
    <ClCompile Include="..\Middleware\imgui-docking\imgui.cpp">
      <Filter>Middleware\imgui-docking</Filter>
    </ClCompile>
    <ClCompile Include="..\Middleware\imgui-docking\imgui_draw.cpp">
      <Filter>Middleware\imgui-docking</Filter>
    </ClCompile>
    <ClCompile Include="..\Middleware\imgui-docking\imgui_tables.cpp">
      <Filter>Middleware\imgui-docking</Filter>
    </ClCompile>
    <ClCompile Include="..\Middleware\imgui-docking\imgui_widgets.cpp">
      <Filter>Middleware\imgui-docking</Filter>
    </ClCompile>
    <ClCompile Include="TilePuzzleRegistryViewer.cpp" />
  </ItemGroup>
  <ItemGroup>
    <ClInclude Include="..\Middleware\imgui-docking\backends\imgui_impl_dx11.h">
      <Filter>Middleware\imgui-docking\backends</Filter>
    </ClInclude>
    <ClInclude Include="..\Middleware\imgui-docking\backends\imgui_impl_win32.h">
      <Filter>Middleware\imgui-docking\backends</Filter>
    </ClInclude>
    <ClInclude Include="..\Middleware\imgui-docking\backends\sdlgpu3\shader.frag">
      <Filter>Middleware\imgui-docking\backends\sdlgpu3</Filter>
    </ClInclude>
    <ClInclude Include="..\Middleware\imgui-docking\backends\sdlgpu3\shader.vert">
      <Filter>Middleware\imgui-docking\backends\sdlgpu3</Filter>
    </ClInclude>
    <ClInclude Include="..\Middleware\imgui-docking\backends\vulkan\glsl_shader.frag">
      <Filter>Middleware\imgui-docking\backends\vulkan</Filter>
    </ClInclude>
    <ClInclude Include="..\Middleware\imgui-docking\backends\vulkan\glsl_shader.vert">
      <Filter>Middleware\imgui-docking\backends\vulkan</Filter>
    </ClInclude>
    <ClInclude Include="..\Middleware\imgui-docking\imconfig.h">
      <Filter>Middleware\imgui-docking</Filter>
    </ClInclude>
    <ClInclude Include="..\Middleware\imgui-docking\imgui.h">
      <Filter>Middleware\imgui-docking</Filter>
    </ClInclude>
    <ClInclude Include="..\Middleware\imgui-docking\imgui_internal.h">
      <Filter>Middleware\imgui-docking</Filter>
    </ClInclude>
    <ClInclude Include="..\Middleware\imgui-docking\imstb_rectpack.h">
      <Filter>Middleware\imgui-docking</Filter>
    </ClInclude>
    <ClInclude Include="..\Middleware\imgui-docking\imstb_textedit.h">
      <Filter>Middleware\imgui-docking</Filter>
    </ClInclude>
    <ClInclude Include="..\Middleware\imgui-docking\imstb_truetype.h">
      <Filter>Middleware\imgui-docking</Filter>
    </ClInclude>
  </ItemGroup>
  <ItemGroup>
    <Filter Include="Middleware">
      <UniqueIdentifier>{eebf12a1-b020-34d6-90e9-3e7c687338df}</UniqueIdentifier>
    </Filter>
    <Filter Include="Middleware\imgui-docking">
      <UniqueIdentifier>{c71024a9-54bf-8bd8-8d53-59ca9d1086ab}</UniqueIdentifier>
    </Filter>
    <Filter Include="Middleware\imgui-docking\backends">
      <UniqueIdentifier>{25eca6d2-1521-1c5a-0765-f719ba0131a3}</UniqueIdentifier>
    </Filter>
    <Filter Include="Middleware\imgui-docking\backends\sdlgpu3">
      <UniqueIdentifier>{1f778a42-06b4-f1aa-6195-19d48c1212be}</UniqueIdentifier>
    </Filter>
    <Filter Include="Middleware\imgui-docking\backends\vulkan">
      <UniqueIdentifier>{b42d0075-05c5-02d3-4820-862d8af1478c}</UniqueIdentifier>
    </Filter>
  </ItemGroup>
</Project>